{
  "version": 4,
  "terraform_version": "1.15.9",
  "serial": 215,
  "lineage": "82a616ea-7095-17de-2865-abcbdcbff13f",
  "outputs": {
    "acr_login_server": {
      "value": "acrlegacydbmigdevzj4r47.azurecr.io",
      "type": "string"
    },
    "aks_cluster_name": {
      "value": "aks-legacydbmig-dev-zj4r47",
      "type": "string"
    },
    "key_vault_uri": {
      "value": "https://kv-legacydbmig-de-zj4r47.vault.azure.net/",
      "type": "string"
    },
    "oidc_issuer_url": {
      "value": "https://centralus.oic.prod-aks.azure.com/2c7a687d-17ff-4888-92b4-39c9fd42883d/e9012a66-3706-427f-942c-21b2abd62499/",
      "type": "string"
    },
    "postgres_admin_login": {
      "value": "pgadmin",
      "type": "string"
    },
    "postgres_server_fqdn": {
      "value": "psql-legacydbmig-dev-zj4r47.postgres.database.azure.com",
      "type": "string"
    },
    "resource_group_name": {
      "value": "rg-legacydbmig-dev",
      "type": "string"
    },
    "sql_admin_login": {
      "value": "sqladmin",
      "type": "string"
    },
    "sql_server_fqdn": {
      "value": "sql-legacydbmig-dev-zj4r47.database.windows.net",
      "type": "string"
    },
    "web_app_url": {
      "value": "https://app-legacydbmig-dev-zj4r47.azurewebsites.net",
      "type": "string"
    },
    "workload_identity_client_id": {
      "value": "607c22a5-19a9-497b-bc4e-59b537e0e403",
      "type": "string"
    }
  },
  "resources": [
    {
      "mode": "managed",
      "type": "azurerm_federated_identity_credential",
      "name": "workload_identity_fic",
      "provider": "provider[\"registry.terraform.io/hashicorp/azurerm\"]",
      "instances": [
        {
          "schema_version": 0,
          "attributes": {
            "audience": [
              "api://AzureADTokenExchange"
            ],
            "id": "/subscriptions/701f5cd4-6078-4981-a825-12e3e8738a9e/resourceGroups/rg-legacydbmig-dev/providers/Microsoft.ManagedIdentity/userAssignedIdentities/id-legacydbmig-dev-zj4r47-workload/federatedIdentityCredentials/fic-legacydbmig-dev-app",
            "issuer": "https://centralus.oic.prod-aks.azure.com/2c7a687d-17ff-4888-92b4-39c9fd42883d/e9012a66-3706-427f-942c-21b2abd62499/",
            "name": "fic-legacydbmig-dev-app",
            "parent_id": "/subscriptions/701f5cd4-6078-4981-a825-12e3e8738a9e/resourceGroups/rg-legacydbmig-dev/providers/Microsoft.ManagedIdentity/userAssignedIdentities/id-legacydbmig-dev-zj4r47-workload",
            "resource_group_name": "rg-legacydbmig-dev",
            "subject": "system:serviceaccount:legacydbmig:legacydbmig-sa",
            "timeouts": null
          },
          "sensitive_attributes": [],
          "identity_schema_version": 0,
          "private": "eyJlMmJmYjczMC1lY2FhLTExZTYtOGY4OC0zNDM2M2JjN2M0YzAiOnsiY3JlYXRlIjoxODAwMDAwMDAwMDAwLCJkZWxldGUiOjE4MDAwMDAwMDAwMDAsInJlYWQiOjMwMDAwMDAwMDAwMCwidXBkYXRlIjoxODAwMDAwMDAwMDAwfX0=",
          "dependencies": [
            "azurerm_user_assigned_identity.workload_identity",
            "module.aks.azurerm_kubernetes_cluster.this",
            "module.resource_group.azurerm_resource_group.this",
            "random_password.windows_admin",
            "random_string.suffix"
          ]
        }
      ]
    },
    {
      "mode": "managed",
      "type": "azurerm_user_assigned_identity",
      "name": "workload_identity",
      "provider": "provider[\"registry.terraform.io/hashicorp/azurerm\"]",
      "instances": [
        {
          "schema_version": 1,
          "attributes": {
            "client_id": "607c22a5-19a9-497b-bc4e-59b537e0e403",
            "id": "/subscriptions/701f5cd4-6078-4981-a825-12e3e8738a9e/resourceGroups/rg-legacydbmig-dev/providers/Microsoft.ManagedIdentity/userAssignedIdentities/id-legacydbmig-dev-zj4r47-workload",
            "location": "centralus",
            "name": "id-legacydbmig-dev-zj4r47-workload",
            "principal_id": "07304792-4297-487b-9905-4ca7e527f2a7",
            "resource_group_name": "rg-legacydbmig-dev",
            "tags": {
              "Owner": "gaurav",
              "Project": "LegacyDatabaseMigrationPOC",
              "Purpose": "MSSQL-to-PostgreSQL-migration-poc"
            },
            "tenant_id": "2c7a687d-17ff-4888-92b4-39c9fd42883d",
            "timeouts": null
          },
          "sensitive_attributes": [],
          "identity_schema_version": 0,
          "private": "eyJlMmJmYjczMC1lY2FhLTExZTYtOGY4OC0zNDM2M2JjN2M0YzAiOnsiY3JlYXRlIjoxODAwMDAwMDAwMDAwLCJkZWxldGUiOjE4MDAwMDAwMDAwMDAsInJlYWQiOjMwMDAwMDAwMDAwMCwidXBkYXRlIjoxODAwMDAwMDAwMDAwfSwic2NoZW1hX3ZlcnNpb24iOiIxIn0=",
          "dependencies": [
            "module.resource_group.azurerm_resource_group.this",
            "random_string.suffix"
          ]
        }
      ]
    },
    {
      "mode": "managed",
      "type": "random_password",
      "name": "postgres_admin",
      "provider": "provider[\"registry.terraform.io/hashicorp/random\"]",
      "instances": [
        {
          "schema_version": 3,
          "attributes": {
            "bcrypt_hash": "$2a$10$ThwDzJEr1DzuMo/lZhc85.DadzdQvlT6ZNVvywqyBO1Pmzjk8mpgS",
            "id": "none",
            "keepers": null,
            "length": 24,
            "lower": true,
            "min_lower": 2,
            "min_numeric": 2,
            "min_special": 2,
            "min_upper": 2,
            "number": true,
            "numeric": true,
            "override_special": "!#$%\u0026*()-_=+",
            "result": "n0Z5lx(aHP$B$K+KliCi)Fiz",
            "special": true,
            "upper": true
          },
          "sensitive_attributes": [
            [
              {
                "type": "get_attr",
                "value": "bcrypt_hash"
              }
            ],
            [
              {
                "type": "get_attr",
                "value": "result"
              }
            ]
          ],
          "identity_schema_version": 0
        }
      ]
    },
    {
      "mode": "managed",
      "type": "random_password",
      "name": "sql_admin",
      "provider": "provider[\"registry.terraform.io/hashicorp/random\"]",
      "instances": [
        {
          "schema_version": 3,
          "attributes": {
            "bcrypt_hash": "$2a$10$amGI0vYdJJg5ZqV2VfyQA./xwku1lUVJpcCgRVFHSYNXUpdEkYFyy",
            "id": "none",
            "keepers": null,
            "length": 24,
            "lower": true,
            "min_lower": 2,
            "min_numeric": 2,
            "min_special": 2,
            "min_upper": 2,
            "number": true,
            "numeric": true,
            "override_special": "!#$%\u0026*()-_=+",
            "result": "5ilvS!j2-_b5o401uARa=YMv",
            "special": true,
            "upper": true
          },
          "sensitive_attributes": [
            [
              {
                "type": "get_attr",
                "value": "bcrypt_hash"
              }
            ],
            [
              {
                "type": "get_attr",
                "value": "result"
              }
            ]
          ],
          "identity_schema_version": 0
        }
      ]
    },
    {
      "mode": "managed",
      "type": "random_password",
      "name": "windows_admin",
      "provider": "provider[\"registry.terraform.io/hashicorp/random\"]",
      "instances": [
        {
          "index_key": 0,
          "schema_version": 3,
          "attributes": {
            "bcrypt_hash": "$2a$10$I4lCPaK2M0rZeu0viqS8zuAJCCdH4aClO.6qWV39HEY7jgbx.FGeC",
            "id": "none",
            "keepers": null,
            "length": 24,
            "lower": true,
            "min_lower": 2,
            "min_numeric": 2,
            "min_special": 2,
            "min_upper": 2,
            "number": true,
            "numeric": true,
            "override_special": "!#$%\u0026*()-_=+",
            "result": "g#p0_s%G01\u0026wRT9ri1i+nhQ+",
            "special": true,
            "upper": true
          },
          "sensitive_attributes": [
            [
              {
                "type": "get_attr",
                "value": "bcrypt_hash"
              }
            ],
            [
              {
                "type": "get_attr",
                "value": "result"
              }
            ]
          ],
          "identity_schema_version": 0
        }
      ]
    },
    {
      "mode": "managed",
      "type": "random_string",
      "name": "suffix",
      "provider": "provider[\"registry.terraform.io/hashicorp/random\"]",
      "instances": [
        {
          "schema_version": 2,
          "attributes": {
            "id": "zj4r47",
            "keepers": null,
            "length": 6,
            "lower": true,
            "min_lower": 0,
            "min_numeric": 0,
            "min_special": 0,
            "min_upper": 0,
            "number": true,
            "numeric": true,
            "override_special": null,
            "result": "zj4r47",
            "special": false,
            "upper": false
          },
          "sensitive_attributes": [],
          "identity_schema_version": 0
        }
      ]
    },
    {
      "module": "module.acr",
      "mode": "managed",
      "type": "azurerm_container_registry",
      "name": "this",
      "provider": "provider[\"registry.terraform.io/hashicorp/azurerm\"]",
      "instances": [
        {
          "schema_version": 2,
          "attributes": {
            "admin_enabled": false,
            "admin_password": "",
            "admin_username": "",
            "anonymous_pull_enabled": false,
            "data_endpoint_enabled": false,
            "encryption": [
              {
                "enabled": false,
                "identity_client_id": "",
                "key_vault_key_id": ""
              }
            ],
            "export_policy_enabled": true,
            "georeplications": [],
            "id": "/subscriptions/701f5cd4-6078-4981-a825-12e3e8738a9e/resourceGroups/rg-legacydbmig-dev/providers/Microsoft.ContainerRegistry/registries/acrlegacydbmigdevzj4r47",
            "identity": [],
            "location": "centralus",
            "login_server": "acrlegacydbmigdevzj4r47.azurecr.io",
            "name": "acrlegacydbmigdevzj4r47",
            "network_rule_bypass_option": "AzureServices",
            "network_rule_set": [],
            "public_network_access_enabled": true,
            "quarantine_policy_enabled": false,
            "resource_group_name": "rg-legacydbmig-dev",
            "retention_policy": [
              {
                "days": 7,
                "enabled": false
              }
            ],
            "sku": "Basic",
            "tags": {
              "Owner": "gaurav",
              "Project": "LegacyDatabaseMigrationPOC",
              "Purpose": "MSSQL-to-PostgreSQL-migration-poc"
            },
            "timeouts": null,
            "trust_policy": [
              {
                "enabled": false
              }
            ],
            "zone_redundancy_enabled": false
          },
          "sensitive_attributes": [
            [
              {
                "type": "get_attr",
                "value": "admin_password"
              }
            ]
          ],
          "identity_schema_version": 0,
          "private": "eyJlMmJmYjczMC1lY2FhLTExZTYtOGY4OC0zNDM2M2JjN2M0YzAiOnsiY3JlYXRlIjoxODAwMDAwMDAwMDAwLCJkZWxldGUiOjE4MDAwMDAwMDAwMDAsInJlYWQiOjMwMDAwMDAwMDAwMCwidXBkYXRlIjoxODAwMDAwMDAwMDAwfSwic2NoZW1hX3ZlcnNpb24iOiIyIn0=",
          "dependencies": [
            "module.resource_group.azurerm_resource_group.this",
            "random_string.suffix"
          ]
        }
      ]
    },
    {
      "module": "module.aks",
      "mode": "managed",
      "type": "azurerm_kubernetes_cluster",
      "name": "this",
      "provider": "provider[\"registry.terraform.io/hashicorp/azurerm\"]",
      "instances": [
        {
          "schema_version": 2,
          "attributes": {
            "aci_connector_linux": [],
            "api_server_access_profile": [],
            "api_server_authorized_ip_ranges": [],
            "auto_scaler_profile": [],
            "automatic_channel_upgrade": "",
            "azure_active_directory_role_based_access_control": [],
            "azure_policy_enabled": null,
            "confidential_computing": [],
            "cost_analysis_enabled": false,
            "current_kubernetes_version": "1.35.7",
            "custom_ca_trust_certificates_base64": [],
            "default_node_pool": [
              {
                "capacity_reservation_group_id": "",
                "custom_ca_trust_enabled": false,
                "enable_auto_scaling": false,
                "enable_host_encryption": false,
                "enable_node_public_ip": false,
                "fips_enabled": false,
                "gpu_instance": "",
                "host_group_id": "",
                "kubelet_config": [],
                "kubelet_disk_type": "OS",
                "linux_os_config": [],
                "max_count": 0,
                "max_pods": 250,
                "message_of_the_day": "",
                "min_count": 0,
                "name": "system",
                "node_count": 1,
                "node_labels": {},
                "node_network_profile": [],
                "node_public_ip_prefix_id": "",
                "node_taints": [],
                "only_critical_addons_enabled": false,
                "orchestrator_version": "1.35",
                "os_disk_size_gb": 128,
                "os_disk_type": "Managed",
                "os_sku": "AzureLinux",
                "pod_subnet_id": "",
                "proximity_placement_group_id": "",
                "scale_down_mode": "Delete",
                "snapshot_id": "",
                "tags": {},
                "temporary_name_for_rotation": "",
                "type": "VirtualMachineScaleSets",
                "ultra_ssd_enabled": false,
                "upgrade_settings": [
                  {
                    "drain_timeout_in_minutes": 0,
                    "max_surge": "10%",
                    "node_soak_duration_in_minutes": 0
                  }
                ],
                "vm_size": "Standard_D2as_v7",
                "vnet_subnet_id": "",
                "workload_runtime": "",
                "zones": []
              }
            ],
            "disk_encryption_set_id": "",
            "dns_prefix": "aks-legacydbmig-dev-zj4r47",
            "dns_prefix_private_cluster": "",
            "edge_zone": "",
            "enable_pod_security_policy": false,
            "fqdn": "aks-legacydbmig-dev-zj4r47-cfevd10w.hcp.centralus.azmk8s.io",
            "http_application_routing_enabled": null,
            "http_application_routing_zone_name": null,
            "http_proxy_config": [],
            "id": "/subscriptions/701f5cd4-6078-4981-a825-12e3e8738a9e/resourceGroups/rg-legacydbmig-dev/providers/Microsoft.ContainerService/managedClusters/aks-legacydbmig-dev-zj4r47",
            "identity": [
              {
                "identity_ids": [],
                "principal_id": "7c38c9ab-57b7-49dc-b9ca-c5bb951da710",
                "tenant_id": "2c7a687d-17ff-4888-92b4-39c9fd42883d",
                "type": "SystemAssigned"
              }
            ],
            "image_cleaner_enabled": false,
            "image_cleaner_interval_hours": 48,
            "ingress_application_gateway": [],
            "key_management_service": [],
            "key_vault_secrets_provider": [],
            "kube_admin_config": [],
            "kube_admin_config_raw": "",
            "kube_config": [
              {
                "client_certificate": "LS0tLS1CRUdJTiBDRVJUSUZJQ0FURS0tLS0tCk1JSUZIVENDQXdXZ0F3SUJBZ0lRQ1kyd1YzQ0xHclVsY1ZHbUhQQ0xyekFOQmdrcWhraUc5dzBCQVFzRkFEQU4KTVFzd0NRWURWUVFERXdKallUQWVGdzB5TmpBNU1EZ3dOelEzTkRWYUZ3MHlPREE1TURnd056VTNORFZhTURBeApGekFWQmdOVkJBb1REbk41YzNSbGJUcHRZWE4wWlhKek1SVXdFd1lEVlFRREV3eHRZWE4wWlhKamJHbGxiblF3CmdnSWlNQTBHQ1NxR1NJYjNEUUVCQVFVQUE0SUNEd0F3Z2dJS0FvSUNBUURlSUk5M3dzODE1cWdadEQ1MDhPTHkKWVJLaWhyNTFIT2l3c1lrcE5VMU9SUGRmL3pjTHpndUl1aWtxUlI3d0tmeHdjaXFzeVJJME9HM3hHM3d4NSt6TApHUWxCRk9GeXNOMkVjeW5wM2dJcXlvQ3M4VjQvQkVmZWNNcDB2aTlibkUxcXk3dDh5UFVJcHNqRHBhcnNKQXh5CnZUemVXMTZ4K2hSUFRrUC9DWWpVN0hPcnhMaTJjMjlyeTVkd1MrM1BZS1ZSSGxyOTBMZytvODh0WlMxM1JqLzEKcjUra0hzcTJKeFNWdkk4bnhBcmxqWUE4U2htL0NmYXpaOWZkdWIxWmFOU0VINFM4TU1RbHR2c0hKcUZnaDgwMQpkZlRxQzBqZktoOVBFUFhhL3d1SE1XVGFwV2V3cDRYN25jSzNLZ013R0VlZ1YxZlNZSjdJVEVrZjNreDJhQ2wyCjRlcXh5NGFPdTdIekt1NFo3UnFQeGhQeGFIbU0wVnRiVWxPZ1NHcW1weCszYUtLZTV5M0s1N0pBdVRMM3ZGNVgKVldzM0ZsYzM3WlZjN3lBT21WNzdkL2NLOWMzNWFFenYvSjNDdU9Bd25hTXZBcWgvZ1lzd3I5NGp1ZGI2K3ljKwo3V2hGOVFHOWY3Z01zbDFnUThxQjBxK0pQU25kNTMvRVFlSENEb1g0b29KdjhSVi9GTS9FVSsrT1VQWG9ZWXoyClo4b3k4Zlk0dk1qdjZUalZFL2Z3bFJxTnVtVEZ3Ri9HTGUxSkJIVWRVUUZxdGRoaGIwamlnc3FGbVB0UGxDRXYKTzFDMWMrOEYrVGZQNHpCMkpkdU14bzFLaE1yOG44eURWTDhiaFFoNXRTZmlTNC9oTHErMlB1Qy9zR3JwK3lPcApSdy9XNmY4Q2lsdVBCbFBGVkpFa2l3SURBUUFCbzFZd1ZEQU9CZ05WSFE4QkFmOEVCQU1DQmFBd0V3WURWUjBsCkJBd3dDZ1lJS3dZQkJRVUhBd0l3REFZRFZSMFRBUUgvQkFJd0FEQWZCZ05WSFNNRUdEQVdnQlRaU05PSXo1UGEKOUlrTVZhVjBuQWhiTi9BU1pqQU5CZ2txaGtpRzl3MEJBUXNGQUFPQ0FnRUFMd1pxNzVNWm84SU1vWEF2K2lPcwpmQS90WE1ZdnFJU0FmWkFDcE54QW1pK0toVURUZ2g5UVZmVklnL0NSVEh6N3JEU3hSVGxsOGI2SnZCMGlaYnhaCi96ckpGN0xvM3NFbjVtazgvNDdxQ1Q4bVgzMWlVblNBR0dGdWlBS2tDZmlGeGw1SkZKd3psUjgrT2tWb2F0YWsKMWoxT243WHlWUTFFSUo4c0wrUXVyZDB0OS9tWTNPcDYwOWlKNGtJaEV6VWxXTWtqYXRxam1MOHY4VnIySTR1cApZYWtqbVY5SHdjRisrZU04Njl1YWprOHdlbUF3WmFpaTIrVTJweHJ2azhxL2NnZmZueTlIVGE4bUlLRTZFVndsCmFVWDFkbnUzMVJMcy9LUEoxSkliMmZxNVA5LzJsK2UrUlI3T3VEcHZsUGVVS0lFK1FFM0ppaU5UaVllUnZ3NjMKVmoyVDBIdkpaSkE4Tjc2cEM3alV2ZFBFTnFwdWZkYmpBL095TXgvbEZvVUg4aTBmY1VPaEVJZUI0VEhhR2FwaQpzM0QrSlpzdzcvS0RNZThoMDdUR0l1Q0ZoamZyTEY3V3B0UjROcjd4cGs4UjdycmpBRHN3MGNTM0NLUUNxUEU4ClRsSENpYmxVNnpBcHhHMWd1ZzdrNk5MM3UrS1RFMWVKZ1lBYXA3aEluMjVKYSs0U0FnUFRKY2tVNXZWdVpMUUgKMmwvQVpYSDlVSmlnS0twQjZFTGI3VmNJQlE3ZlgzeGVSVjBRbFQ3UDRoNEl2Q0xSYkJhZ2JIM2U4NnpvZjRTUwpoUFkvdkR6WVB1R3BtN2xkcUkrTlA5MzV5N0xNMnNKNWp2TXdCTmV0YkRXdGQrNkx5YkovSTdWMjc3WS9mNHgzCnFxOTNaZm1BNHZTNUVNSHJWN1JzM0hNPQotLS0tLUVORCBDRVJUSUZJQ0FURS0tLS0tCg==",
                "client_key": "LS0tLS1CRUdJTiBSU0EgUFJJVkFURSBLRVktLS0tLQpNSUlKS2dJQkFBS0NBZ0VBM2lDUGQ4TFBOZWFvR2JRK2RQRGk4bUVTb29hK2RSem9zTEdKS1RWTlRrVDNYLzgzCkM4NExpTG9wS2tVZThDbjhjSElxck1rU05EaHQ4UnQ4TWVmc3l4a0pRUlRoY3JEZGhITXA2ZDRDS3NxQXJQRmUKUHdSSDNuREtkTDR2VzV4TmFzdTdmTWoxQ0tiSXc2V3E3Q1FNY3IwODNsdGVzZm9VVDA1RC93bUkxT3h6cThTNAp0bk52YTh1WGNFdnR6MkNsVVI1YS9kQzRQcVBQTFdVdGQwWS85YStmcEI3S3RpY1VsYnlQSjhRSzVZMkFQRW9aCnZ3bjJzMmZYM2JtOVdXalVoQitFdkRERUpiYjdCeWFoWUlmTk5YWDA2Z3RJM3lvZlR4RDEydjhMaHpGazJxVm4Kc0tlRis1M0N0eW9ETUJoSG9GZFgwbUNleUV4Skg5NU1kbWdwZHVIcXNjdUdqcnV4OHlydUdlMGFqOFlUOFdoNQpqTkZiVzFKVG9FaHFwcWNmdDJpaW51Y3R5dWV5UUxreTk3eGVWMVZyTnhaWE4rMlZYTzhnRHBsZSszZjNDdlhOCitXaE03L3lkd3JqZ01KMmpMd0tvZjRHTE1LL2VJN25XK3ZzblB1MW9SZlVCdlgrNERMSmRZRVBLZ2RLdmlUMHAKM2VkL3hFSGh3ZzZGK0tLQ2IvRVZmeFRQeEZQdmpsRDE2R0dNOW1mS012SDJPTHpJNytrNDFSUDM4SlVhamJwawp4Y0JmeGkzdFNRUjFIVkVCYXJYWVlXOUk0b0xLaFpqN1Q1UWhMenRRdFhQdkJmazN6K013ZGlYYmpNYU5Tb1RLCi9KL01nMVMvRzRVSWViVW40a3VQNFM2dnRqN2d2N0JxNmZzanFVY1AxdW4vQW9wYmp3WlR4VlNSSklzQ0F3RUEKQVFLQ0FnQU94d3ZFWStsMUpJczZhb3RkTEVsczVwaGV4NmdVRW9CSWdRY20vcXpOOERpazRrMi9NMDRCSXFGcQpkbjdBYTRxbjBIQ1dYaW9mMzBFeE1TcnFCd3Z4MXhDT2k5MFR6RUJ3ZDFqcWZpS1d4aklaVDFWOXk4TWNRVlMyCnY1QlcvK2NHbTljMVRnay9NaGxaS3NSY1FXbXltSFJjTnFmdUh6MEtxYUpNYlUzMUhHWDFuM2pLYXBPWEVFeGEKNURKR0FaLzk3WThRSTdxZU1EZXdSWExvNUh1TTFNcENHT3BUZy9ZU29DREYvSHpkR0xUWFRmYTRodWtxdGxYZQpJbVUrZFlMdDUwcmxXamt5YVNINkw4KzhwRXc2cWtaSTY4ZEZVWUFUdW9VZ3RLY0hyM21PTWtMYnRjbHNHK3JBClZNTXhoK3Y3OXRPWTQyU3MzcVpld0dORjNWZ2t1TmY4YVFHNjhnbHhIR0I5TUxzNDFoZWJwSndJUUd1dkMrYjQKVmdEQjk3VURuZTlxK1BCa0tIOFRrS3JFaVdsNFJYK0h0SVdteVhoSXRRa3JYcERabkVGZXBYZ1FpTGhMSUNwSQpjSThSTGtEY2xZOFhrY3NLK3pMVE1RWGYzNXFRdVZkOFc4OFFBT2ZjL2k0UFFCRHBDTnhSOUU5VGZiZGNEVm4rCmVDYjNyMVBYaXV4M2ZBV0ZGcWhyTUN1R0JjZmg4ZWFIbkdnRjBjelBMTUUzSkQ3b1gvbGtKanFrS3F4aWtwZnAKTEpXTytQMko3RDVKSmF4dHlPMTA4dzJ0cERIKzJDRW1lTzNiQUU1aG92VWt5RHlwRVg2WS90VzBhUTJOd3dpdQpOSklvVEpFM2x0aFBESHIzWDNvVXJUOG5tbWZLSERia1BnWW1NcUVCcHhPVDhCYXp3UUtDQVFFQTdIRTFpelRaCnUzbkxaRmc5d29UdFNiaG9SSzZSRHhtRFZtRUNKOG1WeVE5ZExvY2I3eVdGaVZBZHpHUHNZQW94MVdnbmRkVkkKYVFxZW5DV2c1S0dIdnVQT3Y5QkwxQVdQaFNyYXRZblpKd2x3UkgvTmp5TWs0UXl4QWtXMVBXdElnb2F4WHpEZQpTWmhUUjFKTSt6Sk1OMFNvQS9nRU1lM0IwaW1mZWFCYlZSckhFeHpHZmZCeTdSY2hjWTlQZDUyelhRNFZDQndTClpzRk9rdWxGeUNIT3M1UEJaUkxtemY5R1NLN1IvZTJna3I5RXdJZXBYSVJGTEtVT2JuSlp2NmdZSVppbitUV0kKZ1pjR1BVT2xaSDFweE9TYlhIWlA0L1IyQjd0dUgrSlJUd0h1bnpyMjd4TEVSUk5iL3RqS3o5anZUSEU1YjVXRwphQ0NySERnVm9Id2w3d0tDQVFFQThJQTVCYlozUHVlbHlqL084VUQrQVVONlZLblJPTjNTMTJ6M2pZcUZWUGJLCnlhcEJMN3RvRTRIVzJEMGZ5SHVCS0M5aEh3VExab2k4bWtRbXl3b0J2L0l2SUhXVE9vTkdtdFNTMDNSTlNXTVgKSk5BVjhrREhWTkdLNnJSeSs1ZytocFVtZWVhNW9xTmU0RXVVR1NTWHJQUGZ4dm4zQVgrV0g0TFU4M1pNbkJ5Ugo3RXd3ejJwS2xJNFpzbUlCbGZvVTUzcEVRaTZSeThiQVAwVjNmVVduMFhQRVhza0tVYkxjOWdJZWRBeXVKa1c4CkttSElSLzAvaS9sdm50OVpUVGF1T2lGYVpHUzFlUFRCSFU2SWtrOS9wbzFMUWNXd0dFT3dRc1daMC91WXZQVlQKZmszK0tsdHRYclV3aUhyU0N1cWpNblZBcDExK2I4Z0dxMVBnVnV2bkpRS0NBUUVBeVB3dTFLZFhVaHJrL3VaWAprV3RuUFp4STNlRTZJNGkvY1FURFRVajVUMUVGRjVEMytPQi9VOHJMbWJ0eTZleWdrZFNZZm55UHNlSzZFdWVWCmplT1ZQWG51ZkhTMmtJTXRqYmh3ODVJN0Nnam02d05zbS9qMjEycnZhSXdTMVNQR0hsWWFubDB2QjRZNWZFNEUKYkI5RVZGTERNNlIzQkc0anJOOSsxV2V2VzNlSXM4RnBKUkxvem9zei9aRWhydjlad1ljLzc0WFZTbzJWbWlJNwpGRFZRdkt1ajRLUWhtQWdnR1phcG9GMkhlbGFtUGJiVUMzWFFTM1AvQVhtb3V0ZExzL3ROQmZVd2xWL29pTmxnCjFUd2FWYWt5TzNYQzBYWXpncjBiam5UV1F2L1VkSHd0L2VtSTkyTE9kNktYTy9rZTZXN3hzTjE4eERUSTN4TDUKcDFNQTl3S0NBUUVBMHFYY1RBNm5uMmRTSlRXQ1VuazBnWExTNFBqa2trUm9lZHV0Y0VIVnlyZG1vd0FHbklJdgpCSGNDOE4rSXlSYXo1N2luL24wNmtwSk5iMmtsK1V6SWY1RG1paTJ4U056V3FLSnIvOTJzSEEwNHBqdkVIUzF6CjZleW5HaS8zVGpybytRUUdjVnNQV1U1eXVVNDVaMVJQcldMbHErZ2cyeVVmSG5aL2dzY3BEc3RQWElMWGRiU0oKb2xoY1ZZdldDOERCTW9ZNjV5VFcrbjhZdjlKZWVGRGNUbTV4bnZ2RG1BOXJ6ZVhKT3Fnb21Na1hxSitBeHQwZwpIYi9hYm5MK1NzME1DVXBSWEFHQm1YSDIrMjVmM0piWkhjNUFEbG5TaFU0MFFpZkZOcEQyRlB0anFBczBCWEdTCitCTUhjV0x5T2pHTnc1SkRrTlFvL0V0YzNBOVpQWWplS1FLQ0FRRUF0emhBUndnT2FlTG83MzZIQ3NocGI3NGYKb09UUWlLbzJnZEhTM1FTNTExdjMxRUQ5eVN3R2d2enNXTDVlUjFTUTd5VFEzTGVINXZ2MFFINndEZzNBY1VpYQpValE4d0IrWjcya3ltYUptQUNQK1ZoK09ONHFoZTBYRjc2MlV5SG1ibXlRemI5VCtqTDhodWZFam02djhLcEo5Cjhlc0o3SU81NXkvUEducTREcmk4L1VuTEVvQ0x3MWw1SldLMVFEWTNMeWdQU0V2ZzBNcmM2K0hDVm9lMUZnUWEKWGZpR1U5UWtnTm5TZkJTWksxcDNGV2d6TmdWL1daYmo4WkxoUmdJck5SOGQweGlZT054VWYxVEMrL0M1SGdPWQo2ODMza3lnQy9lbFdSTmg1YjFPU2J6bWFsRTlEaFBYZDh0QU51cUxkQTJ4eWlOZ0pGRU9GaWFPYnJqU3UrZz09Ci0tLS0tRU5EIFJTQSBQUklWQVRFIEtFWS0tLS0tCg==",
                "cluster_ca_certificate": "LS0tLS1CRUdJTiBDRVJUSUZJQ0FURS0tLS0tCk1JSUU2VENDQXRHZ0F3SUJBZ0lSQUwrVThLOVNwOG8yOXNwZjR2d3YvTmN3RFFZSktvWklodmNOQVFFTEJRQXcKRFRFTE1Ba0dBMVVFQXhNQ1kyRXdJQmNOTWpZd09UQTRNRGMwTnpRMVdoZ1BNakExTmpBNU1EZ3dOelUzTkRWYQpNQTB4Q3pBSkJnTlZCQU1UQW1OaE1JSUNJakFOQmdrcWhraUc5dzBCQVFFRkFBT0NBZzhBTUlJQ0NnS0NBZ0VBCnY5QkhsWndIcXYrYmlMNWxsYllvNG1iMmNNYm1SdXNnUFJDenFTU3EyUitJL3J3Q2hRcjJQSEU2Wkl1cy9yb1gKcGxLWlZrdlhneEgvNU92V1FTdUhDNkRUMG94K2pxbnhQekQ4VzJCZFBzQWdYNWNXRS9hbjlYTXBTWVhkLys0YgpRYVlnelMvdlRDbW9nT1NYOU54SHdKTWd0Sis0NTQ1M3prQ0szOUVmMi9IaXhBU3RTd3EwcnFmQTFHSUEzaWtQCnRweWlzdHRVd0hTcHlqeHZXSW5ydmIvRmdpNzFxODhLNmlINDhxMUw3NWpHRGNGekJlTmszZnpHNmxwYksvYUEKdXFNVEhZc2krRC9hUVhibzFPYUpjemtYdktHOGlicjlrZ3I0dGhaeGFUaDNpelBidVFzdE1Vc01rVGE2OFN0TApxMUg4L1ZZRlZwZUdOSE5aQStra251MzFZRVMvRmgxNjhQZDZKVDB2OVh4UjhEVGVTQWhxS2RkTU01cEp6VlQ4CmZCaHlsRFJsd3I5eWtHVFlQSFRWdlR0Yi9IeGdCRXB1U05uRExPbUk0L3dQZ1lmZW1jdm90TVV4dUI1MlE3cEsKcVNoeS9NWHIwYThEcnRia25rVDhMbVRFdWQ0bFV1emZQK0tKOVVjeVYrdWpreDZCVVl1YWtlTGlLN1JmNlgybApxaWlVeXNKbFBkVEhhQ0t5eEpianIrK0EwV3V0QnpkNGR1Wnplck5oVGY2NXorbjB0QTYxMTBuNlVrbDM5bFFTCjdJK0VESWxPMVMxNkdMaGpYUnU1RENBY0Z5aUgzdDRWRmlvQ0gyMmczYUVhU2tSTkhoN3IyVFppalFkaEF6NUMKK1NFMDV3VWVyMUhiNVFpYVNPa2FCZ2NQQTFpMWZWOTZhSnhxNmZCWFRDa0NBd0VBQWFOQ01FQXdEZ1lEVlIwUApBUUgvQkFRREFnS2tNQThHQTFVZEV3RUIvd1FGTUFNQkFmOHdIUVlEVlIwT0JCWUVGTmxJMDRqUGs5cjBpUXhWCnBYU2NDRnMzOEJKbU1BMEdDU3FHU0liM0RRRUJDd1VBQTRJQ0FRQThQV21Rb3ZzZlRubG9GODNCQzhtM09sMzcKZnJhNUxWV2dvU0tYZ0JiZlExbjlLVUlkM2dJeS9lY2NnMWV1MEVBNHRXOVJad3o2MitRai9ORkdlWnJSN3VQcwpQVjgzSEgzejJwZkcyN29VRHZOcHFJVXk5UTJKdzkzaG82akxyb2t0WFJmb0FlbTQ2RFlVMlVWMEhhZWg1WXAxCkFDclNXMDY0RmM2MHMrWUNGaXBaMFJqYjZJT3cyd3oxY3dGVGpoVU4rOEhZSXFJQ01NMkNyV2Q0ZWNzcWphbU4KOHV0dkNoaTBPYU1xVEdhNDRKajFMQ25uZkhnV1JNSUpKSW8rYzJkc3lXT09SUnVxTU8vMjhCL2t0K2p1R3ZwdQoyKzlnZ3g2RHBHR2M0ank4Mk41YjRRT0NtZGNFVXAwUkN3Y1hTWWlTMmRQRnJhVC9RTlFGczZEVmxycDVLQlZiCkhFRHUyZUVwWGRiemlMdWp1eVZmaWpFSUR0VFBLRVdNdURkNEVKWnZvWFI1NGxJMUREM2tQQ0NncVlBcGFEblkKbUcwSzd1K201NndhRDkvL2kyTkhTUVd3WmYzdDI2Rkh6ZFg4UlBBWGlXZVlIMTFaRHpCMklZbzA3YjZyeldnZgpiMTNOMUtDMEdSZXl2NHQyTkV0YU4vNEttZkNIVE1zKzc5K2dxWkg0STJOWDVOeEZ1TXJuN2dJTDl4SUd2RzNMClFJeXV5V1A4aHhVWXVoL3g3YlB5SCtVL1pqYXc2clhIbFQ1cXlyTzNWcVU4NVdIOFkvY1RMaW9WSHRXT2tTZEsKWU9rNkwrODRuang3SnQ0MjdRdkNwazRRRythb0QwZFBLY3pXOFlYalBpSC9hekg3WTY1SmdxYnh2WG9iRXM5bgpRZWUyVGRsek9SYkRVb2NuTmc9PQotLS0tLUVORCBDRVJUSUZJQ0FURS0tLS0tCg==",
                "host": "https://aks-legacydbmig-dev-zj4r47-cfevd10w.hcp.centralus.azmk8s.io:443",
                "password": "rakpv4vu09owq1rckkwfz4i176u8t7a3i4spm51n8kluxyrpbrxe5k2daerze1gyggrkxi2kk1jpomxgzxug123hkzu58qw9cf9jig2g7yxsf0vc7hj3myqzezkvmb7g",
                "username": "clusterUser_rg-legacydbmig-dev_aks-legacydbmig-dev-zj4r47"
              }
            ],
            "kube_config_raw": "apiVersion: v1\nclusters:\n- cluster:\n    certificate-authority-data: LS0tLS1CRUdJTiBDRVJUSUZJQ0FURS0tLS0tCk1JSUU2VENDQXRHZ0F3SUJBZ0lSQUwrVThLOVNwOG8yOXNwZjR2d3YvTmN3RFFZSktvWklodmNOQVFFTEJRQXcKRFRFTE1Ba0dBMVVFQXhNQ1kyRXdJQmNOTWpZd09UQTRNRGMwTnpRMVdoZ1BNakExTmpBNU1EZ3dOelUzTkRWYQpNQTB4Q3pBSkJnTlZCQU1UQW1OaE1JSUNJakFOQmdrcWhraUc5dzBCQVFFRkFBT0NBZzhBTUlJQ0NnS0NBZ0VBCnY5QkhsWndIcXYrYmlMNWxsYllvNG1iMmNNYm1SdXNnUFJDenFTU3EyUitJL3J3Q2hRcjJQSEU2Wkl1cy9yb1gKcGxLWlZrdlhneEgvNU92V1FTdUhDNkRUMG94K2pxbnhQekQ4VzJCZFBzQWdYNWNXRS9hbjlYTXBTWVhkLys0YgpRYVlnelMvdlRDbW9nT1NYOU54SHdKTWd0Sis0NTQ1M3prQ0szOUVmMi9IaXhBU3RTd3EwcnFmQTFHSUEzaWtQCnRweWlzdHRVd0hTcHlqeHZXSW5ydmIvRmdpNzFxODhLNmlINDhxMUw3NWpHRGNGekJlTmszZnpHNmxwYksvYUEKdXFNVEhZc2krRC9hUVhibzFPYUpjemtYdktHOGlicjlrZ3I0dGhaeGFUaDNpelBidVFzdE1Vc01rVGE2OFN0TApxMUg4L1ZZRlZwZUdOSE5aQStra251MzFZRVMvRmgxNjhQZDZKVDB2OVh4UjhEVGVTQWhxS2RkTU01cEp6VlQ4CmZCaHlsRFJsd3I5eWtHVFlQSFRWdlR0Yi9IeGdCRXB1U05uRExPbUk0L3dQZ1lmZW1jdm90TVV4dUI1MlE3cEsKcVNoeS9NWHIwYThEcnRia25rVDhMbVRFdWQ0bFV1emZQK0tKOVVjeVYrdWpreDZCVVl1YWtlTGlLN1JmNlgybApxaWlVeXNKbFBkVEhhQ0t5eEpianIrK0EwV3V0QnpkNGR1Wnplck5oVGY2NXorbjB0QTYxMTBuNlVrbDM5bFFTCjdJK0VESWxPMVMxNkdMaGpYUnU1RENBY0Z5aUgzdDRWRmlvQ0gyMmczYUVhU2tSTkhoN3IyVFppalFkaEF6NUMKK1NFMDV3VWVyMUhiNVFpYVNPa2FCZ2NQQTFpMWZWOTZhSnhxNmZCWFRDa0NBd0VBQWFOQ01FQXdEZ1lEVlIwUApBUUgvQkFRREFnS2tNQThHQTFVZEV3RUIvd1FGTUFNQkFmOHdIUVlEVlIwT0JCWUVGTmxJMDRqUGs5cjBpUXhWCnBYU2NDRnMzOEJKbU1BMEdDU3FHU0liM0RRRUJDd1VBQTRJQ0FRQThQV21Rb3ZzZlRubG9GODNCQzhtM09sMzcKZnJhNUxWV2dvU0tYZ0JiZlExbjlLVUlkM2dJeS9lY2NnMWV1MEVBNHRXOVJad3o2MitRai9ORkdlWnJSN3VQcwpQVjgzSEgzejJwZkcyN29VRHZOcHFJVXk5UTJKdzkzaG82akxyb2t0WFJmb0FlbTQ2RFlVMlVWMEhhZWg1WXAxCkFDclNXMDY0RmM2MHMrWUNGaXBaMFJqYjZJT3cyd3oxY3dGVGpoVU4rOEhZSXFJQ01NMkNyV2Q0ZWNzcWphbU4KOHV0dkNoaTBPYU1xVEdhNDRKajFMQ25uZkhnV1JNSUpKSW8rYzJkc3lXT09SUnVxTU8vMjhCL2t0K2p1R3ZwdQoyKzlnZ3g2RHBHR2M0ank4Mk41YjRRT0NtZGNFVXAwUkN3Y1hTWWlTMmRQRnJhVC9RTlFGczZEVmxycDVLQlZiCkhFRHUyZUVwWGRiemlMdWp1eVZmaWpFSUR0VFBLRVdNdURkNEVKWnZvWFI1NGxJMUREM2tQQ0NncVlBcGFEblkKbUcwSzd1K201NndhRDkvL2kyTkhTUVd3WmYzdDI2Rkh6ZFg4UlBBWGlXZVlIMTFaRHpCMklZbzA3YjZyeldnZgpiMTNOMUtDMEdSZXl2NHQyTkV0YU4vNEttZkNIVE1zKzc5K2dxWkg0STJOWDVOeEZ1TXJuN2dJTDl4SUd2RzNMClFJeXV5V1A4aHhVWXVoL3g3YlB5SCtVL1pqYXc2clhIbFQ1cXlyTzNWcVU4NVdIOFkvY1RMaW9WSHRXT2tTZEsKWU9rNkwrODRuang3SnQ0MjdRdkNwazRRRythb0QwZFBLY3pXOFlYalBpSC9hekg3WTY1SmdxYnh2WG9iRXM5bgpRZWUyVGRsek9SYkRVb2NuTmc9PQotLS0tLUVORCBDRVJUSUZJQ0FURS0tLS0tCg==\n    server: https://aks-legacydbmig-dev-zj4r47-cfevd10w.hcp.centralus.azmk8s.io:443\n  name: aks-legacydbmig-dev-zj4r47\ncontexts:\n- context:\n    cluster: aks-legacydbmig-dev-zj4r47\n    user: clusterUser_rg-legacydbmig-dev_aks-legacydbmig-dev-zj4r47\n  name: aks-legacydbmig-dev-zj4r47\ncurrent-context: aks-legacydbmig-dev-zj4r47\nkind: Config\nusers:\n- name: clusterUser_rg-legacydbmig-dev_aks-legacydbmig-dev-zj4r47\n  user:\n    client-certificate-data: LS0tLS1CRUdJTiBDRVJUSUZJQ0FURS0tLS0tCk1JSUZIVENDQXdXZ0F3SUJBZ0lRQ1kyd1YzQ0xHclVsY1ZHbUhQQ0xyekFOQmdrcWhraUc5dzBCQVFzRkFEQU4KTVFzd0NRWURWUVFERXdKallUQWVGdzB5TmpBNU1EZ3dOelEzTkRWYUZ3MHlPREE1TURnd056VTNORFZhTURBeApGekFWQmdOVkJBb1REbk41YzNSbGJUcHRZWE4wWlhKek1SVXdFd1lEVlFRREV3eHRZWE4wWlhKamJHbGxiblF3CmdnSWlNQTBHQ1NxR1NJYjNEUUVCQVFVQUE0SUNEd0F3Z2dJS0FvSUNBUURlSUk5M3dzODE1cWdadEQ1MDhPTHkKWVJLaWhyNTFIT2l3c1lrcE5VMU9SUGRmL3pjTHpndUl1aWtxUlI3d0tmeHdjaXFzeVJJME9HM3hHM3d4NSt6TApHUWxCRk9GeXNOMkVjeW5wM2dJcXlvQ3M4VjQvQkVmZWNNcDB2aTlibkUxcXk3dDh5UFVJcHNqRHBhcnNKQXh5CnZUemVXMTZ4K2hSUFRrUC9DWWpVN0hPcnhMaTJjMjlyeTVkd1MrM1BZS1ZSSGxyOTBMZytvODh0WlMxM1JqLzEKcjUra0hzcTJKeFNWdkk4bnhBcmxqWUE4U2htL0NmYXpaOWZkdWIxWmFOU0VINFM4TU1RbHR2c0hKcUZnaDgwMQpkZlRxQzBqZktoOVBFUFhhL3d1SE1XVGFwV2V3cDRYN25jSzNLZ013R0VlZ1YxZlNZSjdJVEVrZjNreDJhQ2wyCjRlcXh5NGFPdTdIekt1NFo3UnFQeGhQeGFIbU0wVnRiVWxPZ1NHcW1weCszYUtLZTV5M0s1N0pBdVRMM3ZGNVgKVldzM0ZsYzM3WlZjN3lBT21WNzdkL2NLOWMzNWFFenYvSjNDdU9Bd25hTXZBcWgvZ1lzd3I5NGp1ZGI2K3ljKwo3V2hGOVFHOWY3Z01zbDFnUThxQjBxK0pQU25kNTMvRVFlSENEb1g0b29KdjhSVi9GTS9FVSsrT1VQWG9ZWXoyClo4b3k4Zlk0dk1qdjZUalZFL2Z3bFJxTnVtVEZ3Ri9HTGUxSkJIVWRVUUZxdGRoaGIwamlnc3FGbVB0UGxDRXYKTzFDMWMrOEYrVGZQNHpCMkpkdU14bzFLaE1yOG44eURWTDhiaFFoNXRTZmlTNC9oTHErMlB1Qy9zR3JwK3lPcApSdy9XNmY4Q2lsdVBCbFBGVkpFa2l3SURBUUFCbzFZd1ZEQU9CZ05WSFE4QkFmOEVCQU1DQmFBd0V3WURWUjBsCkJBd3dDZ1lJS3dZQkJRVUhBd0l3REFZRFZSMFRBUUgvQkFJd0FEQWZCZ05WSFNNRUdEQVdnQlRaU05PSXo1UGEKOUlrTVZhVjBuQWhiTi9BU1pqQU5CZ2txaGtpRzl3MEJBUXNGQUFPQ0FnRUFMd1pxNzVNWm84SU1vWEF2K2lPcwpmQS90WE1ZdnFJU0FmWkFDcE54QW1pK0toVURUZ2g5UVZmVklnL0NSVEh6N3JEU3hSVGxsOGI2SnZCMGlaYnhaCi96ckpGN0xvM3NFbjVtazgvNDdxQ1Q4bVgzMWlVblNBR0dGdWlBS2tDZmlGeGw1SkZKd3psUjgrT2tWb2F0YWsKMWoxT243WHlWUTFFSUo4c0wrUXVyZDB0OS9tWTNPcDYwOWlKNGtJaEV6VWxXTWtqYXRxam1MOHY4VnIySTR1cApZYWtqbVY5SHdjRisrZU04Njl1YWprOHdlbUF3WmFpaTIrVTJweHJ2azhxL2NnZmZueTlIVGE4bUlLRTZFVndsCmFVWDFkbnUzMVJMcy9LUEoxSkliMmZxNVA5LzJsK2UrUlI3T3VEcHZsUGVVS0lFK1FFM0ppaU5UaVllUnZ3NjMKVmoyVDBIdkpaSkE4Tjc2cEM3alV2ZFBFTnFwdWZkYmpBL095TXgvbEZvVUg4aTBmY1VPaEVJZUI0VEhhR2FwaQpzM0QrSlpzdzcvS0RNZThoMDdUR0l1Q0ZoamZyTEY3V3B0UjROcjd4cGs4UjdycmpBRHN3MGNTM0NLUUNxUEU4ClRsSENpYmxVNnpBcHhHMWd1ZzdrNk5MM3UrS1RFMWVKZ1lBYXA3aEluMjVKYSs0U0FnUFRKY2tVNXZWdVpMUUgKMmwvQVpYSDlVSmlnS0twQjZFTGI3VmNJQlE3ZlgzeGVSVjBRbFQ3UDRoNEl2Q0xSYkJhZ2JIM2U4NnpvZjRTUwpoUFkvdkR6WVB1R3BtN2xkcUkrTlA5MzV5N0xNMnNKNWp2TXdCTmV0YkRXdGQrNkx5YkovSTdWMjc3WS9mNHgzCnFxOTNaZm1BNHZTNUVNSHJWN1JzM0hNPQotLS0tLUVORCBDRVJUSUZJQ0FURS0tLS0tCg==\n    client-key-data: LS0tLS1CRUdJTiBSU0EgUFJJVkFURSBLRVktLS0tLQpNSUlKS2dJQkFBS0NBZ0VBM2lDUGQ4TFBOZWFvR2JRK2RQRGk4bUVTb29hK2RSem9zTEdKS1RWTlRrVDNYLzgzCkM4NExpTG9wS2tVZThDbjhjSElxck1rU05EaHQ4UnQ4TWVmc3l4a0pRUlRoY3JEZGhITXA2ZDRDS3NxQXJQRmUKUHdSSDNuREtkTDR2VzV4TmFzdTdmTWoxQ0tiSXc2V3E3Q1FNY3IwODNsdGVzZm9VVDA1RC93bUkxT3h6cThTNAp0bk52YTh1WGNFdnR6MkNsVVI1YS9kQzRQcVBQTFdVdGQwWS85YStmcEI3S3RpY1VsYnlQSjhRSzVZMkFQRW9aCnZ3bjJzMmZYM2JtOVdXalVoQitFdkRERUpiYjdCeWFoWUlmTk5YWDA2Z3RJM3lvZlR4RDEydjhMaHpGazJxVm4Kc0tlRis1M0N0eW9ETUJoSG9GZFgwbUNleUV4Skg5NU1kbWdwZHVIcXNjdUdqcnV4OHlydUdlMGFqOFlUOFdoNQpqTkZiVzFKVG9FaHFwcWNmdDJpaW51Y3R5dWV5UUxreTk3eGVWMVZyTnhaWE4rMlZYTzhnRHBsZSszZjNDdlhOCitXaE03L3lkd3JqZ01KMmpMd0tvZjRHTE1LL2VJN25XK3ZzblB1MW9SZlVCdlgrNERMSmRZRVBLZ2RLdmlUMHAKM2VkL3hFSGh3ZzZGK0tLQ2IvRVZmeFRQeEZQdmpsRDE2R0dNOW1mS012SDJPTHpJNytrNDFSUDM4SlVhamJwawp4Y0JmeGkzdFNRUjFIVkVCYXJYWVlXOUk0b0xLaFpqN1Q1UWhMenRRdFhQdkJmazN6K013ZGlYYmpNYU5Tb1RLCi9KL01nMVMvRzRVSWViVW40a3VQNFM2dnRqN2d2N0JxNmZzanFVY1AxdW4vQW9wYmp3WlR4VlNSSklzQ0F3RUEKQVFLQ0FnQU94d3ZFWStsMUpJczZhb3RkTEVsczVwaGV4NmdVRW9CSWdRY20vcXpOOERpazRrMi9NMDRCSXFGcQpkbjdBYTRxbjBIQ1dYaW9mMzBFeE1TcnFCd3Z4MXhDT2k5MFR6RUJ3ZDFqcWZpS1d4aklaVDFWOXk4TWNRVlMyCnY1QlcvK2NHbTljMVRnay9NaGxaS3NSY1FXbXltSFJjTnFmdUh6MEtxYUpNYlUzMUhHWDFuM2pLYXBPWEVFeGEKNURKR0FaLzk3WThRSTdxZU1EZXdSWExvNUh1TTFNcENHT3BUZy9ZU29DREYvSHpkR0xUWFRmYTRodWtxdGxYZQpJbVUrZFlMdDUwcmxXamt5YVNINkw4KzhwRXc2cWtaSTY4ZEZVWUFUdW9VZ3RLY0hyM21PTWtMYnRjbHNHK3JBClZNTXhoK3Y3OXRPWTQyU3MzcVpld0dORjNWZ2t1TmY4YVFHNjhnbHhIR0I5TUxzNDFoZWJwSndJUUd1dkMrYjQKVmdEQjk3VURuZTlxK1BCa0tIOFRrS3JFaVdsNFJYK0h0SVdteVhoSXRRa3JYcERabkVGZXBYZ1FpTGhMSUNwSQpjSThSTGtEY2xZOFhrY3NLK3pMVE1RWGYzNXFRdVZkOFc4OFFBT2ZjL2k0UFFCRHBDTnhSOUU5VGZiZGNEVm4rCmVDYjNyMVBYaXV4M2ZBV0ZGcWhyTUN1R0JjZmg4ZWFIbkdnRjBjelBMTUUzSkQ3b1gvbGtKanFrS3F4aWtwZnAKTEpXTytQMko3RDVKSmF4dHlPMTA4dzJ0cERIKzJDRW1lTzNiQUU1aG92VWt5RHlwRVg2WS90VzBhUTJOd3dpdQpOSklvVEpFM2x0aFBESHIzWDNvVXJUOG5tbWZLSERia1BnWW1NcUVCcHhPVDhCYXp3UUtDQVFFQTdIRTFpelRaCnUzbkxaRmc5d29UdFNiaG9SSzZSRHhtRFZtRUNKOG1WeVE5ZExvY2I3eVdGaVZBZHpHUHNZQW94MVdnbmRkVkkKYVFxZW5DV2c1S0dIdnVQT3Y5QkwxQVdQaFNyYXRZblpKd2x3UkgvTmp5TWs0UXl4QWtXMVBXdElnb2F4WHpEZQpTWmhUUjFKTSt6Sk1OMFNvQS9nRU1lM0IwaW1mZWFCYlZSckhFeHpHZmZCeTdSY2hjWTlQZDUyelhRNFZDQndTClpzRk9rdWxGeUNIT3M1UEJaUkxtemY5R1NLN1IvZTJna3I5RXdJZXBYSVJGTEtVT2JuSlp2NmdZSVppbitUV0kKZ1pjR1BVT2xaSDFweE9TYlhIWlA0L1IyQjd0dUgrSlJUd0h1bnpyMjd4TEVSUk5iL3RqS3o5anZUSEU1YjVXRwphQ0NySERnVm9Id2w3d0tDQVFFQThJQTVCYlozUHVlbHlqL084VUQrQVVONlZLblJPTjNTMTJ6M2pZcUZWUGJLCnlhcEJMN3RvRTRIVzJEMGZ5SHVCS0M5aEh3VExab2k4bWtRbXl3b0J2L0l2SUhXVE9vTkdtdFNTMDNSTlNXTVgKSk5BVjhrREhWTkdLNnJSeSs1ZytocFVtZWVhNW9xTmU0RXVVR1NTWHJQUGZ4dm4zQVgrV0g0TFU4M1pNbkJ5Ugo3RXd3ejJwS2xJNFpzbUlCbGZvVTUzcEVRaTZSeThiQVAwVjNmVVduMFhQRVhza0tVYkxjOWdJZWRBeXVKa1c4CkttSElSLzAvaS9sdm50OVpUVGF1T2lGYVpHUzFlUFRCSFU2SWtrOS9wbzFMUWNXd0dFT3dRc1daMC91WXZQVlQKZmszK0tsdHRYclV3aUhyU0N1cWpNblZBcDExK2I4Z0dxMVBnVnV2bkpRS0NBUUVBeVB3dTFLZFhVaHJrL3VaWAprV3RuUFp4STNlRTZJNGkvY1FURFRVajVUMUVGRjVEMytPQi9VOHJMbWJ0eTZleWdrZFNZZm55UHNlSzZFdWVWCmplT1ZQWG51ZkhTMmtJTXRqYmh3ODVJN0Nnam02d05zbS9qMjEycnZhSXdTMVNQR0hsWWFubDB2QjRZNWZFNEUKYkI5RVZGTERNNlIzQkc0anJOOSsxV2V2VzNlSXM4RnBKUkxvem9zei9aRWhydjlad1ljLzc0WFZTbzJWbWlJNwpGRFZRdkt1ajRLUWhtQWdnR1phcG9GMkhlbGFtUGJiVUMzWFFTM1AvQVhtb3V0ZExzL3ROQmZVd2xWL29pTmxnCjFUd2FWYWt5TzNYQzBYWXpncjBiam5UV1F2L1VkSHd0L2VtSTkyTE9kNktYTy9rZTZXN3hzTjE4eERUSTN4TDUKcDFNQTl3S0NBUUVBMHFYY1RBNm5uMmRTSlRXQ1VuazBnWExTNFBqa2trUm9lZHV0Y0VIVnlyZG1vd0FHbklJdgpCSGNDOE4rSXlSYXo1N2luL24wNmtwSk5iMmtsK1V6SWY1RG1paTJ4U056V3FLSnIvOTJzSEEwNHBqdkVIUzF6CjZleW5HaS8zVGpybytRUUdjVnNQV1U1eXVVNDVaMVJQcldMbHErZ2cyeVVmSG5aL2dzY3BEc3RQWElMWGRiU0oKb2xoY1ZZdldDOERCTW9ZNjV5VFcrbjhZdjlKZWVGRGNUbTV4bnZ2RG1BOXJ6ZVhKT3Fnb21Na1hxSitBeHQwZwpIYi9hYm5MK1NzME1DVXBSWEFHQm1YSDIrMjVmM0piWkhjNUFEbG5TaFU0MFFpZkZOcEQyRlB0anFBczBCWEdTCitCTUhjV0x5T2pHTnc1SkRrTlFvL0V0YzNBOVpQWWplS1FLQ0FRRUF0emhBUndnT2FlTG83MzZIQ3NocGI3NGYKb09UUWlLbzJnZEhTM1FTNTExdjMxRUQ5eVN3R2d2enNXTDVlUjFTUTd5VFEzTGVINXZ2MFFINndEZzNBY1VpYQpValE4d0IrWjcya3ltYUptQUNQK1ZoK09ONHFoZTBYRjc2MlV5SG1ibXlRemI5VCtqTDhodWZFam02djhLcEo5Cjhlc0o3SU81NXkvUEducTREcmk4L1VuTEVvQ0x3MWw1SldLMVFEWTNMeWdQU0V2ZzBNcmM2K0hDVm9lMUZnUWEKWGZpR1U5UWtnTm5TZkJTWksxcDNGV2d6TmdWL1daYmo4WkxoUmdJck5SOGQweGlZT054VWYxVEMrL0M1SGdPWQo2ODMza3lnQy9lbFdSTmg1YjFPU2J6bWFsRTlEaFBYZDh0QU51cUxkQTJ4eWlOZ0pGRU9GaWFPYnJqU3UrZz09Ci0tLS0tRU5EIFJTQSBQUklWQVRFIEtFWS0tLS0tCg==\n    token: rakpv4vu09owq1rckkwfz4i176u8t7a3i4spm51n8kluxyrpbrxe5k2daerze1gyggrkxi2kk1jpomxgzxug123hkzu58qw9cf9jig2g7yxsf0vc7hj3myqzezkvmb7g\n",
            "kubelet_identity": [
              {
                "client_id": "a67fba1c-ac02-4cc3-b2c0-c6885645cff1",
                "object_id": "e3d84abe-ca36-4e40-8ce2-cedca1ba5359",
                "user_assigned_identity_id": "/subscriptions/701f5cd4-6078-4981-a825-12e3e8738a9e/resourceGroups/MC_rg-legacydbmig-dev_aks-legacydbmig-dev-zj4r47_centralus/providers/Microsoft.ManagedIdentity/userAssignedIdentities/aks-legacydbmig-dev-zj4r47-agentpool"
              }
            ],
            "kubernetes_version": "1.35",
            "linux_profile": [],
            "local_account_disabled": false,
            "location": "centralus",
            "maintenance_window": [],
            "maintenance_window_auto_upgrade": [],
            "maintenance_window_node_os": [],
            "microsoft_defender": [],
            "monitor_metrics": [],
            "name": "aks-legacydbmig-dev-zj4r47",
            "network_profile": [
              {
                "dns_service_ip": "10.0.0.10",
                "docker_bridge_cidr": "",
                "ebpf_data_plane": "",
                "ip_versions": [
                  "IPv4"
                ],
                "load_balancer_profile": [
                  {
                    "effective_outbound_ips": [
                      "/subscriptions/701f5cd4-6078-4981-a825-12e3e8738a9e/resourceGroups/MC_rg-legacydbmig-dev_aks-legacydbmig-dev-zj4r47_centralus/providers/Microsoft.Network/publicIPAddresses/e533e75f-0cf9-4004-96d2-e66d863f30cd"
                    ],
                    "idle_timeout_in_minutes": 0,
                    "managed_outbound_ip_count": 1,
                    "managed_outbound_ipv6_count": 0,
                    "outbound_ip_address_ids": [],
                    "outbound_ip_prefix_ids": [],
                    "outbound_ports_allocated": 0
                  }
                ],
                "load_balancer_sku": "standard",
                "nat_gateway_profile": [],
                "network_data_plane": "azure",
                "network_mode": "",
                "network_plugin": "azure",
                "network_plugin_mode": "overlay",
                "network_policy": "",
                "outbound_ip_address_ids": [],
                "outbound_ip_prefix_ids": [],
                "outbound_type": "loadBalancer",
                "pod_cidr": "10.244.0.0/16",
                "pod_cidrs": [
                  "10.244.0.0/16"
                ],
                "service_cidr": "10.0.0.0/16",
                "service_cidrs": [
                  "10.0.0.0/16"
                ]
              }
            ],
            "node_os_channel_upgrade": null,
            "node_resource_group": "MC_rg-legacydbmig-dev_aks-legacydbmig-dev-zj4r47_centralus",
            "node_resource_group_id": "/subscriptions/701f5cd4-6078-4981-a825-12e3e8738a9e/resourceGroups/MC_rg-legacydbmig-dev_aks-legacydbmig-dev-zj4r47_centralus",
            "oidc_issuer_enabled": true,
            "oidc_issuer_url": "https://centralus.oic.prod-aks.azure.com/2c7a687d-17ff-4888-92b4-39c9fd42883d/e9012a66-3706-427f-942c-21b2abd62499/",
            "oms_agent": [],
            "open_service_mesh_enabled": null,
            "portal_fqdn": "aks-legacydbmig-dev-zj4r47-cfevd10w.portal.hcp.centralus.azmk8s.io",
            "private_cluster_enabled": false,
            "private_cluster_public_fqdn_enabled": false,
            "private_dns_zone_id": "",
            "private_fqdn": "",
            "public_network_access_enabled": true,
            "resource_group_name": "rg-legacydbmig-dev",
            "role_based_access_control_enabled": true,
            "run_command_enabled": true,
            "service_mesh_profile": [],
            "service_principal": [],
            "sku_tier": "Free",
            "storage_profile": [],
            "support_plan": "KubernetesOfficial",
            "tags": {
              "Owner": "gaurav",
              "Project": "LegacyDatabaseMigrationPOC",
              "Purpose": "MSSQL-to-PostgreSQL-migration-poc"
            },
            "timeouts": null,
            "web_app_routing": [],
            "windows_profile": [
              {
                "admin_password": "g#p0_s%G01\u0026wRT9ri1i+nhQ+",
                "admin_username": "azureuser",
                "gmsa": [],
                "license": ""
              }
            ],
            "workload_autoscaler_profile": [],
            "workload_identity_enabled": true
          },
          "sensitive_attributes": [
            [
              {
                "type": "get_attr",
                "value": "kube_admin_config"
              }
            ],
            [
              {
                "type": "get_attr",
                "value": "kube_admin_config_raw"
              }
            ],
            [
              {
                "type": "get_attr",
                "value": "kube_config"
              }
            ],
            [
              {
                "type": "get_attr",
                "value": "kube_config_raw"
              }
            ],
            [
              {
                "type": "get_attr",
                "value": "windows_profile"
              },
              {
                "type": "index",
                "value": {
                  "value": 0,
                  "type": "number"
                }
              },
              {
                "type": "get_attr",
                "value": "admin_password"
              }
            ]
          ],
          "identity_schema_version": 0,
          "private": "eyJlMmJmYjczMC1lY2FhLTExZTYtOGY4OC0zNDM2M2JjN2M0YzAiOnsiY3JlYXRlIjo1NDAwMDAwMDAwMDAwLCJkZWxldGUiOjU0MDAwMDAwMDAwMDAsInJlYWQiOjMwMDAwMDAwMDAwMCwidXBkYXRlIjo1NDAwMDAwMDAwMDAwfSwic2NoZW1hX3ZlcnNpb24iOiIyIn0=",
          "dependencies": [
            "module.resource_group.azurerm_resource_group.this",
            "random_password.windows_admin",
            "random_string.suffix"
          ]
        }
      ]
    },
    {
      "module": "module.aks",
      "mode": "managed",
      "type": "azurerm_kubernetes_cluster_node_pool",
      "name": "windows",
      "provider": "provider[\"registry.terraform.io/hashicorp/azurerm\"]",
      "instances": [
        {
          "index_key": 0,
          "schema_version": 1,
          "attributes": {
            "capacity_reservation_group_id": "",
            "custom_ca_trust_enabled": false,
            "enable_auto_scaling": false,
            "enable_host_encryption": false,
            "enable_node_public_ip": false,
            "eviction_policy": "",
            "fips_enabled": false,
            "gpu_instance": null,
            "host_group_id": "",
            "id": "/subscriptions/701f5cd4-6078-4981-a825-12e3e8738a9e/resourceGroups/rg-legacydbmig-dev/providers/Microsoft.ContainerService/managedClusters/aks-legacydbmig-dev-zj4r47/agentPools/winnp",
            "kubelet_config": [],
            "kubelet_disk_type": "OS",
            "kubernetes_cluster_id": "/subscriptions/701f5cd4-6078-4981-a825-12e3e8738a9e/resourceGroups/rg-legacydbmig-dev/providers/Microsoft.ContainerService/managedClusters/aks-legacydbmig-dev-zj4r47",
            "linux_os_config": [],
            "max_count": 0,
            "max_pods": 250,
            "message_of_the_day": "",
            "min_count": 0,
            "mode": "User",
            "name": "winnp",
            "node_count": 1,
            "node_labels": {},
            "node_network_profile": [],
            "node_public_ip_prefix_id": "",
            "node_taints": [
              "os=windows:NoSchedule"
            ],
            "orchestrator_version": "1.35",
            "os_disk_size_gb": 128,
            "os_disk_type": "Managed",
            "os_sku": "Windows2022",
            "os_type": "Windows",
            "pod_subnet_id": "",
            "priority": "Regular",
            "proximity_placement_group_id": "",
            "scale_down_mode": "Delete",
            "snapshot_id": null,
            "spot_max_price": -1,
            "tags": {
              "Owner": "gaurav",
              "Project": "LegacyDatabaseMigrationPOC",
              "Purpose": "MSSQL-to-PostgreSQL-migration-poc"
            },
            "timeouts": null,
            "ultra_ssd_enabled": false,
            "upgrade_settings": [
              {
                "drain_timeout_in_minutes": 0,
                "max_surge": "10%",
                "node_soak_duration_in_minutes": 0
              }
            ],
            "vm_size": "Standard_D2as_v7",
            "vnet_subnet_id": "",
            "windows_profile": [
              {
                "outbound_nat_enabled": true
              }
            ],
            "workload_runtime": null,
            "zones": []
          },
          "sensitive_attributes": [],
          "identity_schema_version": 0,
          "private": "eyJlMmJmYjczMC1lY2FhLTExZTYtOGY4OC0zNDM2M2JjN2M0YzAiOnsiY3JlYXRlIjozNjAwMDAwMDAwMDAwLCJkZWxldGUiOjM2MDAwMDAwMDAwMDAsInJlYWQiOjMwMDAwMDAwMDAwMCwidXBkYXRlIjozNjAwMDAwMDAwMDAwfSwic2NoZW1hX3ZlcnNpb24iOiIxIn0=",
          "dependencies": [
            "module.aks.azurerm_kubernetes_cluster.this",
            "module.resource_group.azurerm_resource_group.this",
            "random_password.windows_admin",
            "random_string.suffix"
          ]
        }
      ]
    },
    {
      "module": "module.app_service",
      "mode": "managed",
      "type": "azurerm_app_service_virtual_network_swift_connection",
      "name": "this",
      "provider": "provider[\"registry.terraform.io/hashicorp/azurerm\"]",
      "instances": []
    },
    {
      "module": "module.app_service",
      "mode": "managed",
      "type": "azurerm_service_plan",
      "name": "this",
      "provider": "provider[\"registry.terraform.io/hashicorp/azurerm\"]",
      "instances": [
        {
          "schema_version": 1,
          "attributes": {
            "app_service_environment_id": "",
            "id": "/subscriptions/701f5cd4-6078-4981-a825-12e3e8738a9e/resourceGroups/rg-legacydbmig-dev/providers/Microsoft.Web/serverFarms/app-legacydbmig-dev-zj4r47-plan",
            "kind": "app",
            "location": "centralus",
            "maximum_elastic_worker_count": 1,
            "name": "app-legacydbmig-dev-zj4r47-plan",
            "os_type": "Windows",
            "per_site_scaling_enabled": false,
            "reserved": false,
            "resource_group_name": "rg-legacydbmig-dev",
            "sku_name": "B1",
            "tags": {
              "Owner": "gaurav",
              "Project": "LegacyDatabaseMigrationPOC",
              "Purpose": "MSSQL-to-PostgreSQL-migration-poc"
            },
            "timeouts": null,
            "worker_count": 1,
            "zone_balancing_enabled": false
          },
          "sensitive_attributes": [],
          "identity_schema_version": 0,
          "private": "eyJlMmJmYjczMC1lY2FhLTExZTYtOGY4OC0zNDM2M2JjN2M0YzAiOnsiY3JlYXRlIjozNjAwMDAwMDAwMDAwLCJkZWxldGUiOjM2MDAwMDAwMDAwMDAsInJlYWQiOjMwMDAwMDAwMDAwMCwidXBkYXRlIjozNjAwMDAwMDAwMDAwfSwic2NoZW1hX3ZlcnNpb24iOiIxIn0=",
          "dependencies": [
            "module.resource_group.azurerm_resource_group.this",
            "random_string.suffix"
          ]
        }
      ]
    },
    {
      "module": "module.app_service",
      "mode": "managed",
      "type": "azurerm_windows_web_app",
      "name": "this",
      "provider": "provider[\"registry.terraform.io/hashicorp/azurerm\"]",
      "instances": [
        {
          "schema_version": 1,
          "attributes": {
            "app_settings": {
              "ASPNETCORE_ENVIRONMENT": "dev",
              "WEBSITE_RUN_FROM_PACKAGE": "1"
            },
            "auth_settings": [],
            "auth_settings_v2": [],
            "backup": [],
            "client_affinity_enabled": false,
            "client_certificate_enabled": false,
            "client_certificate_exclusion_paths": "",
            "client_certificate_mode": "Required",
            "connection_string": [
              {
                "name": "AppDbConnection",
                "type": "SQLAzure",
                "value": "Server=tcp:sql-legacydbmig-dev-zj4r47.database.windows.net,1433;Initial Catalog=LegacyDatabaseMigrationPOC;Persist Security Info=False;User ID=sqladmin;Password=5ilvS!j2-_b5o401uARa=YMv;MultipleActiveResultSets=True;Encrypt=True;TrustServerCertificate=False;Connection Timeout=30;"
              },
              {
                "name": "PostgresConnection",
                "type": "PostgreSQL",
                "value": "Host=psql-legacydbmig-dev-zj4r47.postgres.database.azure.com;Port=5432;Database=legacydatabasemigrationpoc;Username=pgadmin;Password=n0Z5lx(aHP$B$K+KliCi)Fiz;Ssl Mode=Require;Trust Server Certificate=true;"
              }
            ],
            "custom_domain_verification_id": "F72C3704BAD2213028ED771E1E736471DF5AB52D3C66B43CFBF787553D21D3F2",
            "default_hostname": "app-legacydbmig-dev-zj4r47.azurewebsites.net",
            "enabled": true,
            "ftp_publish_basic_authentication_enabled": true,
            "hosting_environment_id": "",
            "https_only": true,
            "id": "/subscriptions/701f5cd4-6078-4981-a825-12e3e8738a9e/resourceGroups/rg-legacydbmig-dev/providers/Microsoft.Web/sites/app-legacydbmig-dev-zj4r47",
            "identity": [
              {
                "identity_ids": [],
                "principal_id": "aaa33074-1868-437e-b104-9cea4a18fe70",
                "tenant_id": "2c7a687d-17ff-4888-92b4-39c9fd42883d",
                "type": "SystemAssigned"
              }
            ],
            "key_vault_reference_identity_id": "SystemAssigned",
            "kind": "app",
            "location": "centralus",
            "logs": [],
            "name": "app-legacydbmig-dev-zj4r47",
            "outbound_ip_address_list": [
              "52.154.45.208",
              "52.185.74.10",
              "52.185.74.33",
              "52.185.74.72",
              "52.185.74.83",
              "52.185.74.89",
              "20.40.202.14",
              "20.118.40.47"
            ],
            "outbound_ip_addresses": "52.154.45.208,52.185.74.10,52.185.74.33,52.185.74.72,52.185.74.83,52.185.74.89,20.40.202.14,20.118.40.47",
            "possible_outbound_ip_address_list": [
              "52.154.45.208",
              "52.185.74.10",
              "52.185.74.33",
              "52.185.74.72",
              "52.185.74.83",
              "52.185.74.89",
              "52.242.224.227",
              "52.185.74.109",
              "52.185.74.155",
              "52.185.74.206",
              "52.185.74.217",
              "52.185.74.229",
              "52.185.74.248",
              "52.185.75.145",
              "52.185.75.158",
              "52.154.215.36",
              "52.154.208.190",
              "52.154.208.191",
              "52.154.41.212",
              "52.158.217.70",
              "52.158.217.71",
              "52.158.217.82",
              "52.158.217.83",
              "52.158.218.20",
              "52.158.218.21",
              "52.158.217.252",
              "52.158.222.170",
              "52.158.222.171",
              "52.158.222.206",
              "52.158.222.207",
              "52.158.222.222",
              "20.40.202.14",
              "20.118.40.47"
            ],
            "possible_outbound_ip_addresses": "52.154.45.208,52.185.74.10,52.185.74.33,52.185.74.72,52.185.74.83,52.185.74.89,52.242.224.227,52.185.74.109,52.185.74.155,52.185.74.206,52.185.74.217,52.185.74.229,52.185.74.248,52.185.75.145,52.185.75.158,52.154.215.36,52.154.208.190,52.154.208.191,52.154.41.212,52.158.217.70,52.158.217.71,52.158.217.82,52.158.217.83,52.158.218.20,52.158.218.21,52.158.217.252,52.158.222.170,52.158.222.171,52.158.222.206,52.158.222.207,52.158.222.222,20.40.202.14,20.118.40.47",
            "public_network_access_enabled": true,
            "resource_group_name": "rg-legacydbmig-dev",
            "service_plan_id": "/subscriptions/701f5cd4-6078-4981-a825-12e3e8738a9e/resourceGroups/rg-legacydbmig-dev/providers/Microsoft.Web/serverFarms/app-legacydbmig-dev-zj4r47-plan",
            "site_config": [
              {
                "always_on": true,
                "api_definition_url": "",
                "api_management_api_id": "",
                "app_command_line": "",
                "application_stack": [
                  {
                    "current_stack": "dotnet",
                    "docker_container_name": "",
                    "docker_container_registry": "",
                    "docker_container_tag": "",
                    "docker_image_name": "",
                    "docker_registry_password": "",
                    "docker_registry_url": "",
                    "docker_registry_username": "",
                    "dotnet_core_version": "",
                    "dotnet_version": "v4.0",
                    "java_container": "",
                    "java_container_version": "",
                    "java_embedded_server_enabled": false,
                    "java_version": "",
                    "node_version": "",
                    "php_version": "5.6",
                    "python": false,
                    "python_version": "",
                    "tomcat_version": ""
                  }
                ],
                "auto_heal_enabled": false,
                "auto_heal_setting": [],
                "container_registry_managed_identity_client_id": "",
                "container_registry_use_managed_identity": false,
                "cors": [],
                "default_documents": [
                  "Default.htm",
                  "Default.html",
                  "Default.asp",
                  "index.htm",
                  "index.html",
                  "iisstart.htm",
                  "default.aspx",
                  "index.php",
                  "hostingstart.html"
                ],
                "detailed_error_logging_enabled": false,
                "ftps_state": "Disabled",
                "handler_mapping": [],
                "health_check_eviction_time_in_min": 0,
                "health_check_path": "",
                "http2_enabled": true,
                "ip_restriction": [],
                "ip_restriction_default_action": "Allow",
                "linux_fx_version": "",
                "load_balancing_mode": "LeastRequests",
                "local_mysql_enabled": false,
                "managed_pipeline_mode": "Integrated",
                "minimum_tls_version": "1.2",
                "remote_debugging_enabled": false,
                "remote_debugging_version": "VS2022",
                "scm_ip_restriction": [],
                "scm_ip_restriction_default_action": "Allow",
                "scm_minimum_tls_version": "1.2",
                "scm_type": "None",
                "scm_use_main_ip_restriction": false,
                "use_32_bit_worker": true,
                "virtual_application": [],
                "vnet_route_all_enabled": false,
                "websockets_enabled": false,
                "windows_fx_version": "",
                "worker_count": 1
              }
            ],
            "site_credential": [
              {
                "name": "$app-legacydbmig-dev-zj4r47",
                "password": "P1FQqtwQ9PuB0trN5v6JCANYT1ArAADspdwQTwsbdYjheHxNg469CJ7ieyfh"
              }
            ],
            "sticky_settings": [],
            "storage_account": [],
            "tags": {
              "Owner": "gaurav",
              "Project": "LegacyDatabaseMigrationPOC",
              "Purpose": "MSSQL-to-PostgreSQL-migration-poc"
            },
            "timeouts": null,
            "virtual_network_subnet_id": "",
            "webdeploy_publish_basic_authentication_enabled": true,
            "zip_deploy_file": ""
          },
          "sensitive_attributes": [
            [
              {
                "type": "get_attr",
                "value": "connection_string"
              }
            ],
            [
              {
                "type": "get_attr",
                "value": "custom_domain_verification_id"
              }
            ],
            [
              {
                "type": "get_attr",
                "value": "site_config"
              },
              {
                "type": "index",
                "value": {
                  "value": 0,
                  "type": "number"
                }
              },
              {
                "type": "get_attr",
                "value": "application_stack"
              },
              {
                "type": "index",
                "value": {
                  "value": 0,
                  "type": "number"
                }
              },
              {
                "type": "get_attr",
                "value": "docker_registry_password"
              }
            ],
            [
              {
                "type": "get_attr",
                "value": "site_credential"
              }
            ]
          ],
          "identity_schema_version": 0,
          "private": "eyJlMmJmYjczMC1lY2FhLTExZTYtOGY4OC0zNDM2M2JjN2M0YzAiOnsiY3JlYXRlIjoxODAwMDAwMDAwMDAwLCJkZWxldGUiOjE4MDAwMDAwMDAwMDAsInJlYWQiOjMwMDAwMDAwMDAwMCwidXBkYXRlIjoxODAwMDAwMDAwMDAwfSwic2NoZW1hX3ZlcnNpb24iOiIxIn0=",
          "dependencies": [
            "module.app_service.azurerm_service_plan.this",
            "module.postgresql.azurerm_postgresql_flexible_server.this",
            "module.postgresql.azurerm_postgresql_flexible_server_database.this",
            "module.resource_group.azurerm_resource_group.this",
            "module.sql_server.azurerm_mssql_database.this",
            "module.sql_server.azurerm_mssql_server.this",
            "random_password.postgres_admin",
            "random_password.sql_admin",
            "random_string.suffix"
          ]
        }
      ]
    },
    {
      "module": "module.key_vault",
      "mode": "data",
      "type": "azurerm_client_config",
      "name": "current",
      "provider": "provider[\"registry.terraform.io/hashicorp/azurerm\"]",
      "instances": [
        {
          "schema_version": 0,
          "attributes": {
            "client_id": "04b07795-8ddb-461a-bbee-02f9e1bf7b46",
            "id": "Y2xpZW50Q29uZmlncy9jbGllbnRJZD0wNGIwNzc5NS04ZGRiLTQ2MWEtYmJlZS0wMmY5ZTFiZjdiNDY7b2JqZWN0SWQ9ZTYxZGVmNTQtNWMwMi00MmI5LWFlMjUtMTVlYWEzMmI2MGViO3N1YnNjcmlwdGlvbklkPTcwMWY1Y2Q0LTYwNzgtNDk4MS1hODI1LTEyZTNlODczOGE5ZTt0ZW5hbnRJZD0yYzdhNjg3ZC0xN2ZmLTQ4ODgtOTJiNC0zOWM5ZmQ0Mjg4M2Q=",
            "object_id": "e61def54-5c02-42b9-ae25-15eaa32b60eb",
            "subscription_id": "701f5cd4-6078-4981-a825-12e3e8738a9e",
            "tenant_id": "2c7a687d-17ff-4888-92b4-39c9fd42883d",
            "timeouts": null
          },
          "sensitive_attributes": [],
          "identity_schema_version": 0
        }
      ]
    },
    {
      "module": "module.key_vault",
      "mode": "managed",
      "type": "azurerm_key_vault",
      "name": "this",
      "provider": "provider[\"registry.terraform.io/hashicorp/azurerm\"]",
      "instances": [
        {
          "schema_version": 2,
          "attributes": {
            "access_policy": [
              {
                "application_id": "",
                "certificate_permissions": [],
                "key_permissions": [],
                "object_id": "e61def54-5c02-42b9-ae25-15eaa32b60eb",
                "secret_permissions": [
                  "Get",
                  "List",
                  "Set",
                  "Delete",
                  "Purge",
                  "Recover"
                ],
                "storage_permissions": [],
                "tenant_id": "2c7a687d-17ff-4888-92b4-39c9fd42883d"
              },
              {
                "application_id": "",
                "certificate_permissions": [],
                "key_permissions": [],
                "object_id": "aaa33074-1868-437e-b104-9cea4a18fe70",
                "secret_permissions": [
                  "Get",
                  "List"
                ],
                "storage_permissions": [],
                "tenant_id": "2c7a687d-17ff-4888-92b4-39c9fd42883d"
              }
            ],
            "contact": [],
            "enable_rbac_authorization": false,
            "enabled_for_deployment": false,
            "enabled_for_disk_encryption": false,
            "enabled_for_template_deployment": false,
            "id": "/subscriptions/701f5cd4-6078-4981-a825-12e3e8738a9e/resourceGroups/rg-legacydbmig-dev/providers/Microsoft.KeyVault/vaults/kv-legacydbmig-de-zj4r47",
            "location": "centralus",
            "name": "kv-legacydbmig-de-zj4r47",
            "network_acls": [
              {
                "bypass": "AzureServices",
                "default_action": "Allow",
                "ip_rules": [],
                "virtual_network_subnet_ids": []
              }
            ],
            "public_network_access_enabled": true,
            "purge_protection_enabled": false,
            "resource_group_name": "rg-legacydbmig-dev",
            "sku_name": "standard",
            "soft_delete_retention_days": 7,
            "tags": {
              "Owner": "gaurav",
              "Project": "LegacyDatabaseMigrationPOC",
              "Purpose": "MSSQL-to-PostgreSQL-migration-poc"
            },
            "tenant_id": "2c7a687d-17ff-4888-92b4-39c9fd42883d",
            "timeouts": null,
            "vault_uri": "https://kv-legacydbmig-de-zj4r47.vault.azure.net/"
          },
          "sensitive_attributes": [],
          "identity_schema_version": 0,
          "private": "eyJlMmJmYjczMC1lY2FhLTExZTYtOGY4OC0zNDM2M2JjN2M0YzAiOnsiY3JlYXRlIjoxODAwMDAwMDAwMDAwLCJkZWxldGUiOjE4MDAwMDAwMDAwMDAsInJlYWQiOjMwMDAwMDAwMDAwMCwidXBkYXRlIjoxODAwMDAwMDAwMDAwfSwic2NoZW1hX3ZlcnNpb24iOiIyIn0=",
          "dependencies": [
            "module.app_service.azurerm_service_plan.this",
            "module.app_service.azurerm_windows_web_app.this",
            "module.key_vault.data.azurerm_client_config.current",
            "module.postgresql.azurerm_postgresql_flexible_server.this",
            "module.postgresql.azurerm_postgresql_flexible_server_database.this",
            "module.resource_group.azurerm_resource_group.this",
            "module.sql_server.azurerm_mssql_database.this",
            "module.sql_server.azurerm_mssql_server.this",
            "random_password.postgres_admin",
            "random_password.sql_admin",
            "random_string.suffix"
          ]
        }
      ]
    },
    {
      "module": "module.key_vault",
      "mode": "managed",
      "type": "azurerm_key_vault_secret",
      "name": "secrets",
      "provider": "provider[\"registry.terraform.io/hashicorp/azurerm\"]",
      "instances": [
        {
          "index_key": "PostgresAdminPassword",
          "schema_version": 0,
          "attributes": {
            "content_type": "",
            "expiration_date": null,
            "id": "https://kv-legacydbmig-de-zj4r47.vault.azure.net/secrets/PostgresAdminPassword/1b38450f571a4c718b5337c69e431a51",
            "key_vault_id": "/subscriptions/701f5cd4-6078-4981-a825-12e3e8738a9e/resourceGroups/rg-legacydbmig-dev/providers/Microsoft.KeyVault/vaults/kv-legacydbmig-de-zj4r47",
            "name": "PostgresAdminPassword",
            "not_before_date": null,
            "resource_id": "/subscriptions/701f5cd4-6078-4981-a825-12e3e8738a9e/resourceGroups/rg-legacydbmig-dev/providers/Microsoft.KeyVault/vaults/kv-legacydbmig-de-zj4r47/secrets/PostgresAdminPassword/versions/1b38450f571a4c718b5337c69e431a51",
            "resource_versionless_id": "/subscriptions/701f5cd4-6078-4981-a825-12e3e8738a9e/resourceGroups/rg-legacydbmig-dev/providers/Microsoft.KeyVault/vaults/kv-legacydbmig-de-zj4r47/secrets/PostgresAdminPassword",
            "tags": {},
            "timeouts": null,
            "value": "n0Z5lx(aHP$B$K+KliCi)Fiz",
            "version": "1b38450f571a4c718b5337c69e431a51",
            "versionless_id": "https://kv-legacydbmig-de-zj4r47.vault.azure.net/secrets/PostgresAdminPassword"
          },
          "sensitive_attributes": [
            [
              {
                "type": "get_attr",
                "value": "value"
              }
            ]
          ],
          "identity_schema_version": 0,
          "private": "eyJlMmJmYjczMC1lY2FhLTExZTYtOGY4OC0zNDM2M2JjN2M0YzAiOnsiY3JlYXRlIjoxODAwMDAwMDAwMDAwLCJkZWxldGUiOjE4MDAwMDAwMDAwMDAsInJlYWQiOjE4MDAwMDAwMDAwMDAsInVwZGF0ZSI6MTgwMDAwMDAwMDAwMH19",
          "dependencies": [
            "module.app_service.azurerm_service_plan.this",
            "module.app_service.azurerm_windows_web_app.this",
            "module.key_vault.azurerm_key_vault.this",
            "module.key_vault.data.azurerm_client_config.current",
            "module.postgresql.azurerm_postgresql_flexible_server.this",
            "module.postgresql.azurerm_postgresql_flexible_server_database.this",
            "module.resource_group.azurerm_resource_group.this",
            "module.sql_server.azurerm_mssql_database.this",
            "module.sql_server.azurerm_mssql_server.this",
            "random_password.postgres_admin",
            "random_password.sql_admin",
            "random_string.suffix"
          ]
        },
        {
          "index_key": "PostgresConnectionString",
          "schema_version": 0,
          "attributes": {
            "content_type": "",
            "expiration_date": null,
            "id": "https://kv-legacydbmig-de-zj4r47.vault.azure.net/secrets/PostgresConnectionString/3102bcf8c1a642dd9f365af995c105aa",
            "key_vault_id": "/subscriptions/701f5cd4-6078-4981-a825-12e3e8738a9e/resourceGroups/rg-legacydbmig-dev/providers/Microsoft.KeyVault/vaults/kv-legacydbmig-de-zj4r47",
            "name": "PostgresConnectionString",
            "not_before_date": null,
            "resource_id": "/subscriptions/701f5cd4-6078-4981-a825-12e3e8738a9e/resourceGroups/rg-legacydbmig-dev/providers/Microsoft.KeyVault/vaults/kv-legacydbmig-de-zj4r47/secrets/PostgresConnectionString/versions/3102bcf8c1a642dd9f365af995c105aa",
            "resource_versionless_id": "/subscriptions/701f5cd4-6078-4981-a825-12e3e8738a9e/resourceGroups/rg-legacydbmig-dev/providers/Microsoft.KeyVault/vaults/kv-legacydbmig-de-zj4r47/secrets/PostgresConnectionString",
            "tags": {},
            "timeouts": null,
            "value": "Host=psql-legacydbmig-dev-zj4r47.postgres.database.azure.com;Port=5432;Database=legacydatabasemigrationpoc;Username=pgadmin;Password=n0Z5lx(aHP$B$K+KliCi)Fiz;Ssl Mode=Require;Trust Server Certificate=true;",
            "version": "3102bcf8c1a642dd9f365af995c105aa",
            "versionless_id": "https://kv-legacydbmig-de-zj4r47.vault.azure.net/secrets/PostgresConnectionString"
          },
          "sensitive_attributes": [
            [
              {
                "type": "get_attr",
                "value": "value"
              }
            ]
          ],
          "identity_schema_version": 0,
          "private": "eyJlMmJmYjczMC1lY2FhLTExZTYtOGY4OC0zNDM2M2JjN2M0YzAiOnsiY3JlYXRlIjoxODAwMDAwMDAwMDAwLCJkZWxldGUiOjE4MDAwMDAwMDAwMDAsInJlYWQiOjE4MDAwMDAwMDAwMDAsInVwZGF0ZSI6MTgwMDAwMDAwMDAwMH19",
          "dependencies": [
            "module.app_service.azurerm_service_plan.this",
            "module.app_service.azurerm_windows_web_app.this",
            "module.key_vault.azurerm_key_vault.this",
            "module.key_vault.data.azurerm_client_config.current",
            "module.postgresql.azurerm_postgresql_flexible_server.this",
            "module.postgresql.azurerm_postgresql_flexible_server_database.this",
            "module.resource_group.azurerm_resource_group.this",
            "module.sql_server.azurerm_mssql_database.this",
            "module.sql_server.azurerm_mssql_server.this",
            "random_password.postgres_admin",
            "random_password.sql_admin",
            "random_string.suffix"
          ]
        },
        {
          "index_key": "SqlAdminPassword",
          "schema_version": 0,
          "attributes": {
            "content_type": "",
            "expiration_date": null,
            "id": "https://kv-legacydbmig-de-zj4r47.vault.azure.net/secrets/SqlAdminPassword/c9e32d9273224a25a420d4ccad6554a2",
            "key_vault_id": "/subscriptions/701f5cd4-6078-4981-a825-12e3e8738a9e/resourceGroups/rg-legacydbmig-dev/providers/Microsoft.KeyVault/vaults/kv-legacydbmig-de-zj4r47",
            "name": "SqlAdminPassword",
            "not_before_date": null,
            "resource_id": "/subscriptions/701f5cd4-6078-4981-a825-12e3e8738a9e/resourceGroups/rg-legacydbmig-dev/providers/Microsoft.KeyVault/vaults/kv-legacydbmig-de-zj4r47/secrets/SqlAdminPassword/versions/c9e32d9273224a25a420d4ccad6554a2",
            "resource_versionless_id": "/subscriptions/701f5cd4-6078-4981-a825-12e3e8738a9e/resourceGroups/rg-legacydbmig-dev/providers/Microsoft.KeyVault/vaults/kv-legacydbmig-de-zj4r47/secrets/SqlAdminPassword",
            "tags": {},
            "timeouts": null,
            "value": "5ilvS!j2-_b5o401uARa=YMv",
            "version": "c9e32d9273224a25a420d4ccad6554a2",
            "versionless_id": "https://kv-legacydbmig-de-zj4r47.vault.azure.net/secrets/SqlAdminPassword"
          },
          "sensitive_attributes": [
            [
              {
                "type": "get_attr",
                "value": "value"
              }
            ]
          ],
          "identity_schema_version": 0,
          "private": "eyJlMmJmYjczMC1lY2FhLTExZTYtOGY4OC0zNDM2M2JjN2M0YzAiOnsiY3JlYXRlIjoxODAwMDAwMDAwMDAwLCJkZWxldGUiOjE4MDAwMDAwMDAwMDAsInJlYWQiOjE4MDAwMDAwMDAwMDAsInVwZGF0ZSI6MTgwMDAwMDAwMDAwMH19",
          "dependencies": [
            "module.app_service.azurerm_service_plan.this",
            "module.app_service.azurerm_windows_web_app.this",
            "module.key_vault.azurerm_key_vault.this",
            "module.key_vault.data.azurerm_client_config.current",
            "module.postgresql.azurerm_postgresql_flexible_server.this",
            "module.postgresql.azurerm_postgresql_flexible_server_database.this",
            "module.resource_group.azurerm_resource_group.this",
            "module.sql_server.azurerm_mssql_database.this",
            "module.sql_server.azurerm_mssql_server.this",
            "random_password.postgres_admin",
            "random_password.sql_admin",
            "random_string.suffix"
          ]
        },
        {
          "index_key": "SqlConnectionString",
          "schema_version": 0,
          "attributes": {
            "content_type": "",
            "expiration_date": null,
            "id": "https://kv-legacydbmig-de-zj4r47.vault.azure.net/secrets/SqlConnectionString/8615643564074403afde59300475d845",
            "key_vault_id": "/subscriptions/701f5cd4-6078-4981-a825-12e3e8738a9e/resourceGroups/rg-legacydbmig-dev/providers/Microsoft.KeyVault/vaults/kv-legacydbmig-de-zj4r47",
            "name": "SqlConnectionString",
            "not_before_date": null,
            "resource_id": "/subscriptions/701f5cd4-6078-4981-a825-12e3e8738a9e/resourceGroups/rg-legacydbmig-dev/providers/Microsoft.KeyVault/vaults/kv-legacydbmig-de-zj4r47/secrets/SqlConnectionString/versions/8615643564074403afde59300475d845",
            "resource_versionless_id": "/subscriptions/701f5cd4-6078-4981-a825-12e3e8738a9e/resourceGroups/rg-legacydbmig-dev/providers/Microsoft.KeyVault/vaults/kv-legacydbmig-de-zj4r47/secrets/SqlConnectionString",
            "tags": {},
            "timeouts": null,
            "value": "Server=tcp:sql-legacydbmig-dev-zj4r47.database.windows.net,1433;Initial Catalog=LegacyDatabaseMigrationPOC;Persist Security Info=False;User ID=sqladmin;Password=5ilvS!j2-_b5o401uARa=YMv;MultipleActiveResultSets=True;Encrypt=True;TrustServerCertificate=False;Connection Timeout=30;",
            "version": "8615643564074403afde59300475d845",
            "versionless_id": "https://kv-legacydbmig-de-zj4r47.vault.azure.net/secrets/SqlConnectionString"
          },
          "sensitive_attributes": [
            [
              {
                "type": "get_attr",
                "value": "value"
              }
            ]
          ],
          "identity_schema_version": 0,
          "private": "eyJlMmJmYjczMC1lY2FhLTExZTYtOGY4OC0zNDM2M2JjN2M0YzAiOnsiY3JlYXRlIjoxODAwMDAwMDAwMDAwLCJkZWxldGUiOjE4MDAwMDAwMDAwMDAsInJlYWQiOjE4MDAwMDAwMDAwMDAsInVwZGF0ZSI6MTgwMDAwMDAwMDAwMH19",
          "dependencies": [
            "module.app_service.azurerm_service_plan.this",
            "module.app_service.azurerm_windows_web_app.this",
            "module.key_vault.azurerm_key_vault.this",
            "module.key_vault.data.azurerm_client_config.current",
            "module.postgresql.azurerm_postgresql_flexible_server.this",
            "module.postgresql.azurerm_postgresql_flexible_server_database.this",
            "module.resource_group.azurerm_resource_group.this",
            "module.sql_server.azurerm_mssql_database.this",
            "module.sql_server.azurerm_mssql_server.this",
            "random_password.postgres_admin",
            "random_password.sql_admin",
            "random_string.suffix"
          ]
        }
      ]
    },
    {
      "module": "module.postgresql",
      "mode": "managed",
      "type": "azurerm_postgresql_flexible_server",
      "name": "this",
      "provider": "provider[\"registry.terraform.io/hashicorp/azurerm\"]",
      "instances": [
        {
          "schema_version": 0,
          "attributes": {
            "administrator_login": "pgadmin",
            "administrator_password": "n0Z5lx(aHP$B$K+KliCi)Fiz",
            "authentication": [
              {
                "active_directory_auth_enabled": false,
                "password_auth_enabled": true,
                "tenant_id": ""
              }
            ],
            "auto_grow_enabled": false,
            "backup_retention_days": 7,
            "create_mode": null,
            "customer_managed_key": [],
            "delegated_subnet_id": "",
            "fqdn": "psql-legacydbmig-dev-zj4r47.postgres.database.azure.com",
            "geo_redundant_backup_enabled": false,
            "high_availability": [],
            "id": "/subscriptions/701f5cd4-6078-4981-a825-12e3e8738a9e/resourceGroups/rg-legacydbmig-dev/providers/Microsoft.DBforPostgreSQL/flexibleServers/psql-legacydbmig-dev-zj4r47",
            "identity": [],
            "location": "centralus",
            "maintenance_window": [],
            "name": "psql-legacydbmig-dev-zj4r47",
            "point_in_time_restore_time_in_utc": null,
            "private_dns_zone_id": "",
            "public_network_access_enabled": true,
            "replication_role": "",
            "resource_group_name": "rg-legacydbmig-dev",
            "sku_name": "B_Standard_B1ms",
            "source_server_id": null,
            "storage_mb": 32768,
            "storage_tier": "P4",
            "tags": {
              "Owner": "gaurav",
              "Project": "LegacyDatabaseMigrationPOC",
              "Purpose": "MSSQL-to-PostgreSQL-migration-poc"
            },
            "timeouts": null,
            "version": "16",
            "zone": "1"
          },
          "sensitive_attributes": [
            [
              {
                "type": "get_attr",
                "value": "administrator_password"
              }
            ]
          ],
          "identity_schema_version": 0,
          "private": "eyJlMmJmYjczMC1lY2FhLTExZTYtOGY4OC0zNDM2M2JjN2M0YzAiOnsiY3JlYXRlIjozNjAwMDAwMDAwMDAwLCJkZWxldGUiOjM2MDAwMDAwMDAwMDAsInJlYWQiOjMwMDAwMDAwMDAwMCwidXBkYXRlIjozNjAwMDAwMDAwMDAwfX0=",
          "dependencies": [
            "module.resource_group.azurerm_resource_group.this",
            "random_password.postgres_admin",
            "random_string.suffix"
          ]
        }
      ]
    },
    {
      "module": "module.postgresql",
      "mode": "managed",
      "type": "azurerm_postgresql_flexible_server_database",
      "name": "this",
      "provider": "provider[\"registry.terraform.io/hashicorp/azurerm\"]",
      "instances": [
        {
          "schema_version": 0,
          "attributes": {
            "charset": "UTF8",
            "collation": "en_US.utf8",
            "id": "/subscriptions/701f5cd4-6078-4981-a825-12e3e8738a9e/resourceGroups/rg-legacydbmig-dev/providers/Microsoft.DBforPostgreSQL/flexibleServers/psql-legacydbmig-dev-zj4r47/databases/legacydatabasemigrationpoc",
            "name": "legacydatabasemigrationpoc",
            "server_id": "/subscriptions/701f5cd4-6078-4981-a825-12e3e8738a9e/resourceGroups/rg-legacydbmig-dev/providers/Microsoft.DBforPostgreSQL/flexibleServers/psql-legacydbmig-dev-zj4r47",
            "timeouts": null
          },
          "sensitive_attributes": [],
          "identity_schema_version": 0,
          "private": "eyJlMmJmYjczMC1lY2FhLTExZTYtOGY4OC0zNDM2M2JjN2M0YzAiOnsiY3JlYXRlIjoxODAwMDAwMDAwMDAwLCJkZWxldGUiOjE4MDAwMDAwMDAwMDAsInJlYWQiOjMwMDAwMDAwMDAwMH19",
          "dependencies": [
            "module.postgresql.azurerm_postgresql_flexible_server.this",
            "module.resource_group.azurerm_resource_group.this",
            "random_password.postgres_admin",
            "random_string.suffix"
          ]
        }
      ]
    },
    {
      "module": "module.postgresql",
      "mode": "managed",
      "type": "azurerm_postgresql_flexible_server_firewall_rule",
      "name": "allow_azure_services",
      "provider": "provider[\"registry.terraform.io/hashicorp/azurerm\"]",
      "instances": [
        {
          "index_key": 0,
          "schema_version": 0,
          "attributes": {
            "end_ip_address": "0.0.0.0",
            "id": "/subscriptions/701f5cd4-6078-4981-a825-12e3e8738a9e/resourceGroups/rg-legacydbmig-dev/providers/Microsoft.DBforPostgreSQL/flexibleServers/psql-legacydbmig-dev-zj4r47/firewallRules/AllowAzureServices",
            "name": "AllowAzureServices",
            "server_id": "/subscriptions/701f5cd4-6078-4981-a825-12e3e8738a9e/resourceGroups/rg-legacydbmig-dev/providers/Microsoft.DBforPostgreSQL/flexibleServers/psql-legacydbmig-dev-zj4r47",
            "start_ip_address": "0.0.0.0",
            "timeouts": null
          },
          "sensitive_attributes": [],
          "identity_schema_version": 0,
          "private": "eyJlMmJmYjczMC1lY2FhLTExZTYtOGY4OC0zNDM2M2JjN2M0YzAiOnsiY3JlYXRlIjoxODAwMDAwMDAwMDAwLCJkZWxldGUiOjE4MDAwMDAwMDAwMDAsInJlYWQiOjMwMDAwMDAwMDAwMCwidXBkYXRlIjoxODAwMDAwMDAwMDAwfX0=",
          "dependencies": [
            "module.postgresql.azurerm_postgresql_flexible_server.this",
            "module.resource_group.azurerm_resource_group.this",
            "random_password.postgres_admin",
            "random_string.suffix"
          ]
        }
      ]
    },
    {
      "module": "module.postgresql",
      "mode": "managed",
      "type": "azurerm_postgresql_flexible_server_firewall_rule",
      "name": "client_ips",
      "provider": "provider[\"registry.terraform.io/hashicorp/azurerm\"]",
      "instances": [
        {
          "index_key": "my-laptop",
          "schema_version": 0,
          "attributes": {
            "end_ip_address": "223.181.41.207",
            "id": "/subscriptions/701f5cd4-6078-4981-a825-12e3e8738a9e/resourceGroups/rg-legacydbmig-dev/providers/Microsoft.DBforPostgreSQL/flexibleServers/psql-legacydbmig-dev-zj4r47/firewallRules/Client-my-laptop",
            "name": "Client-my-laptop",
            "server_id": "/subscriptions/701f5cd4-6078-4981-a825-12e3e8738a9e/resourceGroups/rg-legacydbmig-dev/providers/Microsoft.DBforPostgreSQL/flexibleServers/psql-legacydbmig-dev-zj4r47",
            "start_ip_address": "223.181.41.207",
            "timeouts": null
          },
          "sensitive_attributes": [],
          "identity_schema_version": 0,
          "private": "eyJlMmJmYjczMC1lY2FhLTExZTYtOGY4OC0zNDM2M2JjN2M0YzAiOnsiY3JlYXRlIjoxODAwMDAwMDAwMDAwLCJkZWxldGUiOjE4MDAwMDAwMDAwMDAsInJlYWQiOjMwMDAwMDAwMDAwMCwidXBkYXRlIjoxODAwMDAwMDAwMDAwfX0=",
          "dependencies": [
            "module.postgresql.azurerm_postgresql_flexible_server.this",
            "module.resource_group.azurerm_resource_group.this",
            "random_password.postgres_admin",
            "random_string.suffix"
          ]
        }
      ]
    },
    {
      "module": "module.resource_group",
      "mode": "managed",
      "type": "azurerm_resource_group",
      "name": "this",
      "provider": "provider[\"registry.terraform.io/hashicorp/azurerm\"]",
      "instances": [
        {
          "schema_version": 0,
          "attributes": {
            "id": "/subscriptions/701f5cd4-6078-4981-a825-12e3e8738a9e/resourceGroups/rg-legacydbmig-dev",
            "location": "centralus",
            "managed_by": "",
            "name": "rg-legacydbmig-dev",
            "tags": {
              "Owner": "gaurav",
              "Project": "LegacyDatabaseMigrationPOC",
              "Purpose": "MSSQL-to-PostgreSQL-migration-poc"
            },
            "timeouts": null
          },
          "sensitive_attributes": [],
          "identity_schema_version": 0,
          "private": "eyJlMmJmYjczMC1lY2FhLTExZTYtOGY4OC0zNDM2M2JjN2M0YzAiOnsiY3JlYXRlIjo1NDAwMDAwMDAwMDAwLCJkZWxldGUiOjU0MDAwMDAwMDAwMDAsInJlYWQiOjMwMDAwMDAwMDAwMCwidXBkYXRlIjo1NDAwMDAwMDAwMDAwfX0="
        }
      ]
    },
    {
      "module": "module.sql_server",
      "mode": "managed",
      "type": "azurerm_mssql_database",
      "name": "this",
      "provider": "provider[\"registry.terraform.io/hashicorp/azurerm\"]",
      "instances": [
        {
          "schema_version": 1,
          "attributes": {
            "auto_pause_delay_in_minutes": 0,
            "collation": "SQL_Latin1_General_CP1_CI_AS",
            "create_mode": "Default",
            "creation_source_database_id": null,
            "elastic_pool_id": "",
            "enclave_type": "",
            "geo_backup_enabled": true,
            "id": "/subscriptions/701f5cd4-6078-4981-a825-12e3e8738a9e/resourceGroups/rg-legacydbmig-dev/providers/Microsoft.Sql/servers/sql-legacydbmig-dev-zj4r47/databases/LegacyDatabaseMigrationPOC",
            "identity": [],
            "import": [],
            "ledger_enabled": false,
            "license_type": "",
            "long_term_retention_policy": [
              {
                "immutable_backups_enabled": false,
                "monthly_retention": "PT0S",
                "week_of_year": 1,
                "weekly_retention": "PT0S",
                "yearly_retention": "PT0S"
              }
            ],
            "maintenance_configuration_name": "SQL_Default",
            "max_size_gb": 2,
            "min_capacity": 0,
            "name": "LegacyDatabaseMigrationPOC",
            "read_replica_count": 0,
            "read_scale": false,
            "recover_database_id": null,
            "recovery_point_id": null,
            "restore_dropped_database_id": null,
            "restore_long_term_retention_backup_id": null,
            "restore_point_in_time": null,
            "sample_name": null,
            "secondary_type": "",
            "server_id": "/subscriptions/701f5cd4-6078-4981-a825-12e3e8738a9e/resourceGroups/rg-legacydbmig-dev/providers/Microsoft.Sql/servers/sql-legacydbmig-dev-zj4r47",
            "short_term_retention_policy": [
              {
                "backup_interval_in_hours": 24,
                "retention_days": 7
              }
            ],
            "sku_name": "Basic",
            "storage_account_type": "Geo",
            "tags": {
              "Owner": "gaurav",
              "Project": "LegacyDatabaseMigrationPOC",
              "Purpose": "MSSQL-to-PostgreSQL-migration-poc"
            },
            "threat_detection_policy": [
              {
                "disabled_alerts": [],
                "email_account_admins": "Disabled",
                "email_addresses": [],
                "retention_days": 0,
                "state": "Disabled",
                "storage_account_access_key": "",
                "storage_endpoint": ""
              }
            ],
            "timeouts": null,
            "transparent_data_encryption_enabled": true,
            "transparent_data_encryption_key_automatic_rotation_enabled": false,
            "transparent_data_encryption_key_vault_key_id": "",
            "zone_redundant": false
          },
          "sensitive_attributes": [
            [
              {
                "type": "get_attr",
                "value": "threat_detection_policy"
              },
              {
                "type": "index",
                "value": {
                  "value": 0,
                  "type": "number"
                }
              },
              {
                "type": "get_attr",
                "value": "storage_account_access_key"
              }
            ]
          ],
          "identity_schema_version": 0,
          "private": "eyJlMmJmYjczMC1lY2FhLTExZTYtOGY4OC0zNDM2M2JjN2M0YzAiOnsiY3JlYXRlIjozNjAwMDAwMDAwMDAwLCJkZWxldGUiOjM2MDAwMDAwMDAwMDAsInJlYWQiOjMwMDAwMDAwMDAwMCwidXBkYXRlIjozNjAwMDAwMDAwMDAwfSwic2NoZW1hX3ZlcnNpb24iOiIxIn0=",
          "dependencies": [
            "module.resource_group.azurerm_resource_group.this",
            "module.sql_server.azurerm_mssql_server.this",
            "random_password.sql_admin",
            "random_string.suffix"
          ]
        }
      ]
    },
    {
      "module": "module.sql_server",
      "mode": "managed",
      "type": "azurerm_mssql_firewall_rule",
      "name": "allow_azure_services",
      "provider": "provider[\"registry.terraform.io/hashicorp/azurerm\"]",
      "instances": [
        {
          "index_key": 0,
          "schema_version": 0,
          "attributes": {
            "end_ip_address": "0.0.0.0",
            "id": "/subscriptions/701f5cd4-6078-4981-a825-12e3e8738a9e/resourceGroups/rg-legacydbmig-dev/providers/Microsoft.Sql/servers/sql-legacydbmig-dev-zj4r47/firewallRules/AllowAzureServices",
            "name": "AllowAzureServices",
            "server_id": "/subscriptions/701f5cd4-6078-4981-a825-12e3e8738a9e/resourceGroups/rg-legacydbmig-dev/providers/Microsoft.Sql/servers/sql-legacydbmig-dev-zj4r47",
            "start_ip_address": "0.0.0.0",
            "timeouts": null
          },
          "sensitive_attributes": [],
          "identity_schema_version": 0,
          "private": "eyJlMmJmYjczMC1lY2FhLTExZTYtOGY4OC0zNDM2M2JjN2M0YzAiOnsiY3JlYXRlIjoxODAwMDAwMDAwMDAwLCJkZWxldGUiOjE4MDAwMDAwMDAwMDAsInJlYWQiOjMwMDAwMDAwMDAwMCwidXBkYXRlIjoxODAwMDAwMDAwMDAwfX0=",
          "dependencies": [
            "module.resource_group.azurerm_resource_group.this",
            "module.sql_server.azurerm_mssql_server.this",
            "random_password.sql_admin",
            "random_string.suffix"
          ]
        }
      ]
    },
    {
      "module": "module.sql_server",
      "mode": "managed",
      "type": "azurerm_mssql_firewall_rule",
      "name": "client_ips",
      "provider": "provider[\"registry.terraform.io/hashicorp/azurerm\"]",
      "instances": [
        {
          "index_key": "my-laptop",
          "schema_version": 0,
          "attributes": {
            "end_ip_address": "223.181.41.207",
            "id": "/subscriptions/701f5cd4-6078-4981-a825-12e3e8738a9e/resourceGroups/rg-legacydbmig-dev/providers/Microsoft.Sql/servers/sql-legacydbmig-dev-zj4r47/firewallRules/Client-my-laptop",
            "name": "Client-my-laptop",
            "server_id": "/subscriptions/701f5cd4-6078-4981-a825-12e3e8738a9e/resourceGroups/rg-legacydbmig-dev/providers/Microsoft.Sql/servers/sql-legacydbmig-dev-zj4r47",
            "start_ip_address": "223.181.41.207",
            "timeouts": null
          },
          "sensitive_attributes": [],
          "identity_schema_version": 0,
          "private": "eyJlMmJmYjczMC1lY2FhLTExZTYtOGY4OC0zNDM2M2JjN2M0YzAiOnsiY3JlYXRlIjoxODAwMDAwMDAwMDAwLCJkZWxldGUiOjE4MDAwMDAwMDAwMDAsInJlYWQiOjMwMDAwMDAwMDAwMCwidXBkYXRlIjoxODAwMDAwMDAwMDAwfX0=",
          "dependencies": [
            "module.resource_group.azurerm_resource_group.this",
            "module.sql_server.azurerm_mssql_server.this",
            "random_password.sql_admin",
            "random_string.suffix"
          ]
        }
      ]
    },
    {
      "module": "module.sql_server",
      "mode": "managed",
      "type": "azurerm_mssql_server",
      "name": "this",
      "provider": "provider[\"registry.terraform.io/hashicorp/azurerm\"]",
      "instances": [
        {
          "schema_version": 0,
          "attributes": {
            "administrator_login": "sqladmin",
            "administrator_login_password": "5ilvS!j2-_b5o401uARa=YMv",
            "azuread_administrator": [],
            "connection_policy": "Default",
            "fully_qualified_domain_name": "sql-legacydbmig-dev-zj4r47.database.windows.net",
            "id": "/subscriptions/701f5cd4-6078-4981-a825-12e3e8738a9e/resourceGroups/rg-legacydbmig-dev/providers/Microsoft.Sql/servers/sql-legacydbmig-dev-zj4r47",
            "identity": [],
            "location": "centralus",
            "minimum_tls_version": "1.2",
            "name": "sql-legacydbmig-dev-zj4r47",
            "outbound_network_restriction_enabled": false,
            "primary_user_assigned_identity_id": "",
            "public_network_access_enabled": true,
            "resource_group_name": "rg-legacydbmig-dev",
            "restorable_dropped_database_ids": [],
            "tags": {
              "Owner": "gaurav",
              "Project": "LegacyDatabaseMigrationPOC",
              "Purpose": "MSSQL-to-PostgreSQL-migration-poc"
            },
            "timeouts": null,
            "transparent_data_encryption_key_vault_key_id": "",
            "version": "12.0"
          },
          "sensitive_attributes": [
            [
              {
                "type": "get_attr",
                "value": "administrator_login_password"
              }
            ]
          ],
          "identity_schema_version": 0,
          "private": "eyJlMmJmYjczMC1lY2FhLTExZTYtOGY4OC0zNDM2M2JjN2M0YzAiOnsiY3JlYXRlIjozNjAwMDAwMDAwMDAwLCJkZWxldGUiOjM2MDAwMDAwMDAwMDAsInJlYWQiOjMwMDAwMDAwMDAwMCwidXBkYXRlIjozNjAwMDAwMDAwMDAwfX0=",
          "dependencies": [
            "module.resource_group.azurerm_resource_group.this",
            "random_password.sql_admin",
            "random_string.suffix"
          ]
        }
      ]
    }
  ],
  "check_results": null
}
